// !$*UTF8*$!
{
	archiveVersion = 1;
	classes = {
	};
	objectVersion = 46;
	objects = {

/* Begin PBXBuildFile section */
		9FA4872A1484170400B43F2C /* NSTimer+Pausing.h in Headers */ = {isa = PBXBuildFile; fileRef = 9FA487281484170400B43F2C /* NSTimer+Pausing.h */; settings = {ATTRIBUTES = (Public, ); }; };
		9FA4872B1484170400B43F2C /* NSTimer+Pausing.m in Sources */ = {isa = PBXBuildFile; fileRef = 9FA487291484170400B43F2C /* NSTimer+Pausing.m */; };
		9FA4872E148418DC00B43F2C /* NSFileManager+SCAdditions.h in Headers */ = {isa = PBXBuildFile; fileRef = 9FA4872C148418DC00B43F2C /* NSFileManager+SCAdditions.h */; settings = {ATTRIBUTES = (Public, ); }; };
		9FA4872F148418DC00B43F2C /* NSFileManager+SCAdditions.m in Sources */ = {isa = PBXBuildFile; fileRef = 9FA4872D148418DC00B43F2C /* NSFileManager+SCAdditions.m */; };
		9FA8E82114843A6600EF8E0E /* NSString+SCAdditions.h in Headers */ = {isa = PBXBuildFile; fileRef = 9FA8E81F14843A6600EF8E0E /* NSString+SCAdditions.h */; settings = {ATTRIBUTES = (Public, ); }; };
		9FA8E82214843A6600EF8E0E /* NSString+SCAdditions.m in Sources */ = {isa = PBXBuildFile; fileRef = 9FA8E82014843A6600EF8E0E /* NSString+SCAdditions.m */; };
		9FA8E83B1484461700EF8E0E /* AMSerialErrors.h in Headers */ = {isa = PBXBuildFile; fileRef = 9FA8E8341484461700EF8E0E /* AMSerialErrors.h */; settings = {ATTRIBUTES = (Public, ); }; };
		9FA8E83C1484461700EF8E0E /* AMSerialPort.h in Headers */ = {isa = PBXBuildFile; fileRef = 9FA8E8351484461700EF8E0E /* AMSerialPort.h */; settings = {ATTRIBUTES = (Public, ); }; };
		9FA8E83D1484461700EF8E0E /* AMSerialPort.m in Sources */ = {isa = PBXBuildFile; fileRef = 9FA8E8361484461700EF8E0E /* AMSerialPort.m */; };
		9FA8E83E1484461700EF8E0E /* AMSerialPortAdditions.h in Headers */ = {isa = PBXBuildFile; fileRef = 9FA8E8371484461700EF8E0E /* AMSerialPortAdditions.h */; settings = {ATTRIBUTES = (Public, ); }; };
		9FA8E83F1484461700EF8E0E /* AMSerialPortAdditions.m in Sources */ = {isa = PBXBuildFile; fileRef = 9FA8E8381484461700EF8E0E /* AMSerialPortAdditions.m */; };
		9FA8E8401484461700EF8E0E /* AMSerialPortList.h in Headers */ = {isa = PBXBuildFile; fileRef = 9FA8E8391484461700EF8E0E /* AMSerialPortList.h */; settings = {ATTRIBUTES = (Public, ); }; };
		9FA8E8411484461700EF8E0E /* AMSerialPortList.m in Sources */ = {isa = PBXBuildFile; fileRef = 9FA8E83A1484461700EF8E0E /* AMSerialPortList.m */; };
		9FA8E8A514844C8C00EF8E0E /* IOKit.framework in Frameworks */ = {isa = PBXBuildFile; fileRef = 9FA8E8A414844C8C00EF8E0E /* IOKit.framework */; };
		9FA8E8A814844C9C00EF8E0E /* Quartz.framework in Frameworks */ = {isa = PBXBuildFile; fileRef = 9FA8E8A614844C9C00EF8E0E /* Quartz.framework */; };
		9FA8E8A914844C9C00EF8E0E /* QuartzCore.framework in Frameworks */ = {isa = PBXBuildFile; fileRef = 9FA8E8A714844C9C00EF8E0E /* QuartzCore.framework */; };
		9FA8E8DC148458AE00EF8E0E /* NSObject+SCBlocksKit.h in Headers */ = {isa = PBXBuildFile; fileRef = 9FA8E8DA148458AE00EF8E0E /* NSObject+SCBlocksKit.h */; settings = {ATTRIBUTES = (Public, ); }; };
		9FA8E8DD148458AE00EF8E0E /* NSObject+SCBlocksKit.m in Sources */ = {isa = PBXBuildFile; fileRef = 9FA8E8DB148458AE00EF8E0E /* NSObject+SCBlocksKit.m */; };
		9FA8E8E0148458C600EF8E0E /* NSTimer+SCBlocksKit.h in Headers */ = {isa = PBXBuildFile; fileRef = 9FA8E8DE148458C600EF8E0E /* NSTimer+SCBlocksKit.h */; settings = {ATTRIBUTES = (Public, ); }; };
		9FA8E8E1148458C600EF8E0E /* NSTimer+SCBlocksKit.m in Sources */ = {isa = PBXBuildFile; fileRef = 9FA8E8DF148458C600EF8E0E /* NSTimer+SCBlocksKit.m */; };
		9FD5512914840A7400715063 /* Cocoa.framework in Frameworks */ = {isa = PBXBuildFile; fileRef = 9FD5512814840A7400715063 /* Cocoa.framework */; };
		9FD5513314840A7400715063 /* InfoPlist.strings in Resources */ = {isa = PBXBuildFile; fileRef = 9FD5513114840A7400715063 /* InfoPlist.strings */; };
		9FD5513714840A7400715063 /* SCToolkit.m in Sources */ = {isa = PBXBuildFile; fileRef = 9FD5513614840A7400715063 /* SCToolkit.m */; };
		9FD5513F14840A7400715063 /* SenTestingKit.framework in Frameworks */ = {isa = PBXBuildFile; fileRef = 9FD5513E14840A7400715063 /* SenTestingKit.framework */; };
		9FD5514014840A7400715063 /* Cocoa.framework in Frameworks */ = {isa = PBXBuildFile; fileRef = 9FD5512814840A7400715063 /* Cocoa.framework */; };
		9FD5514314840A7400715063 /* SCToolkit.framework in Frameworks */ = {isa = PBXBuildFile; fileRef = 9FD5512514840A7400715063 /* SCToolkit.framework */; };
		9FD5514914840A7400715063 /* InfoPlist.strings in Resources */ = {isa = PBXBuildFile; fileRef = 9FD5514714840A7400715063 /* InfoPlist.strings */; };
		9FD5514C14840A7400715063 /* SCToolkitTests.m in Sources */ = {isa = PBXBuildFile; fileRef = 9FD5514B14840A7400715063 /* SCToolkitTests.m */; };
		9FD5517014840EE700715063 /* SCToolkit.h in Headers */ = {isa = PBXBuildFile; fileRef = 9FD5513514840A7400715063 /* SCToolkit.h */; settings = {ATTRIBUTES = (Public, ); }; };
/* End PBXBuildFile section */

/* Begin PBXContainerItemProxy section */
		9FD5514114840A7400715063 /* PBXContainerItemProxy */ = {
			isa = PBXContainerItemProxy;
			containerPortal = 9FD5511B14840A7400715063 /* Project object */;
			proxyType = 1;
			remoteGlobalIDString = 9FD5512414840A7400715063;
			remoteInfo = SCToolkit;
		};
/* End PBXContainerItemProxy section */

/* Begin PBXFileReference section */
		9FA487281484170400B43F2C /* NSTimer+Pausing.h */ = {isa = PBXFileReference; fileEncoding = 4; lastKnownFileType = sourcecode.c.h; path = "NSTimer+Pausing.h"; sourceTree = "<group>"; };
		9FA487291484170400B43F2C /* NSTimer+Pausing.m */ = {isa = PBXFileReference; fileEncoding = 4; lastKnownFileType = sourcecode.c.objc; path = "NSTimer+Pausing.m"; sourceTree = "<group>"; };
		9FA4872C148418DC00B43F2C /* NSFileManager+SCAdditions.h */ = {isa = PBXFileReference; fileEncoding = 4; lastKnownFileType = sourcecode.c.h; path = "NSFileManager+SCAdditions.h"; sourceTree = "<group>"; };
		9FA4872D148418DC00B43F2C /* NSFileManager+SCAdditions.m */ = {isa = PBXFileReference; fileEncoding = 4; lastKnownFileType = sourcecode.c.objc; path = "NSFileManager+SCAdditions.m"; sourceTree = "<group>"; };
		9FA8E81F14843A6600EF8E0E /* NSString+SCAdditions.h */ = {isa = PBXFileReference; fileEncoding = 4; lastKnownFileType = sourcecode.c.h; path = "NSString+SCAdditions.h"; sourceTree = "<group>"; };
		9FA8E82014843A6600EF8E0E /* NSString+SCAdditions.m */ = {isa = PBXFileReference; fileEncoding = 4; lastKnownFileType = sourcecode.c.objc; path = "NSString+SCAdditions.m"; sourceTree = "<group>"; };
		9FA8E8341484461700EF8E0E /* AMSerialErrors.h */ = {isa = PBXFileReference; fileEncoding = 4; lastKnownFileType = sourcecode.c.h; path = AMSerialErrors.h; sourceTree = "<group>"; };
		9FA8E8351484461700EF8E0E /* AMSerialPort.h */ = {isa = PBXFileReference; fileEncoding = 4; lastKnownFileType = sourcecode.c.h; path = AMSerialPort.h; sourceTree = "<group>"; };
		9FA8E8361484461700EF8E0E /* AMSerialPort.m */ = {isa = PBXFileReference; fileEncoding = 4; lastKnownFileType = sourcecode.c.objc; path = AMSerialPort.m; sourceTree = "<group>"; };
		9FA8E8371484461700EF8E0E /* AMSerialPortAdditions.h */ = {isa = PBXFileReference; fileEncoding = 4; lastKnownFileType = sourcecode.c.h; path = AMSerialPortAdditions.h; sourceTree = "<group>"; };
		9FA8E8381484461700EF8E0E /* AMSerialPortAdditions.m */ = {isa = PBXFileReference; fileEncoding = 4; lastKnownFileType = sourcecode.c.objc; path = AMSerialPortAdditions.m; sourceTree = "<group>"; };
		9FA8E8391484461700EF8E0E /* AMSerialPortList.h */ = {isa = PBXFileReference; fileEncoding = 4; lastKnownFileType = sourcecode.c.h; path = AMSerialPortList.h; sourceTree = "<group>"; };
		9FA8E83A1484461700EF8E0E /* AMSerialPortList.m */ = {isa = PBXFileReference; fileEncoding = 4; lastKnownFileType = sourcecode.c.objc; path = AMSerialPortList.m; sourceTree = "<group>"; };
		9FA8E8A414844C8C00EF8E0E /* IOKit.framework */ = {isa = PBXFileReference; lastKnownFileType = wrapper.framework; name = IOKit.framework; path = System/Library/Frameworks/IOKit.framework; sourceTree = SDKROOT; };
		9FA8E8A614844C9C00EF8E0E /* Quartz.framework */ = {isa = PBXFileReference; lastKnownFileType = wrapper.framework; name = Quartz.framework; path = System/Library/Frameworks/Quartz.framework; sourceTree = SDKROOT; };
		9FA8E8A714844C9C00EF8E0E /* QuartzCore.framework */ = {isa = PBXFileReference; lastKnownFileType = wrapper.framework; name = QuartzCore.framework; path = System/Library/Frameworks/QuartzCore.framework; sourceTree = SDKROOT; };
		9FA8E8DA148458AE00EF8E0E /* NSObject+SCBlocksKit.h */ = {isa = PBXFileReference; fileEncoding = 4; lastKnownFileType = sourcecode.c.h; path = "NSObject+SCBlocksKit.h"; sourceTree = "<group>"; };
		9FA8E8DB148458AE00EF8E0E /* NSObject+SCBlocksKit.m */ = {isa = PBXFileReference; fileEncoding = 4; lastKnownFileType = sourcecode.c.objc; path = "NSObject+SCBlocksKit.m"; sourceTree = "<group>"; };
		9FA8E8DE148458C600EF8E0E /* NSTimer+SCBlocksKit.h */ = {isa = PBXFileReference; fileEncoding = 4; lastKnownFileType = sourcecode.c.h; path = "NSTimer+SCBlocksKit.h"; sourceTree = "<group>"; };
		9FA8E8DF148458C600EF8E0E /* NSTimer+SCBlocksKit.m */ = {isa = PBXFileReference; fileEncoding = 4; lastKnownFileType = sourcecode.c.objc; path = "NSTimer+SCBlocksKit.m"; sourceTree = "<group>"; };
		9FD5512514840A7400715063 /* SCToolkit.framework */ = {isa = PBXFileReference; explicitFileType = wrapper.framework; includeInIndex = 0; path = SCToolkit.framework; sourceTree = BUILT_PRODUCTS_DIR; };
		9FD5512814840A7400715063 /* Cocoa.framework */ = {isa = PBXFileReference; lastKnownFileType = wrapper.framework; name = Cocoa.framework; path = System/Library/Frameworks/Cocoa.framework; sourceTree = SDKROOT; };
		9FD5512B14840A7400715063 /* AppKit.framework */ = {isa = PBXFileReference; lastKnownFileType = wrapper.framework; name = AppKit.framework; path = System/Library/Frameworks/AppKit.framework; sourceTree = SDKROOT; };
		9FD5512C14840A7400715063 /* CoreData.framework */ = {isa = PBXFileReference; lastKnownFileType = wrapper.framework; name = CoreData.framework; path = System/Library/Frameworks/CoreData.framework; sourceTree = SDKROOT; };
		9FD5512D14840A7400715063 /* Foundation.framework */ = {isa = PBXFileReference; lastKnownFileType = wrapper.framework; name = Foundation.framework; path = System/Library/Frameworks/Foundation.framework; sourceTree = SDKROOT; };
		9FD5513014840A7400715063 /* SCToolkit-Info.plist */ = {isa = PBXFileReference; lastKnownFileType = text.plist.xml; path = "SCToolkit-Info.plist"; sourceTree = "<group>"; };
		9FD5513214840A7400715063 /* en */ = {isa = PBXFileReference; lastKnownFileType = text.plist.strings; name = en; path = en.lproj/InfoPlist.strings; sourceTree = "<group>"; };
		9FD5513414840A7400715063 /* SCToolkit-Prefix.pch */ = {isa = PBXFileReference; lastKnownFileType = sourcecode.c.h; path = "SCToolkit-Prefix.pch"; sourceTree = "<group>"; };
		9FD5513514840A7400715063 /* SCToolkit.h */ = {isa = PBXFileReference; lastKnownFileType = sourcecode.c.h; path = SCToolkit.h; sourceTree = "<group>"; };
		9FD5513614840A7400715063 /* SCToolkit.m */ = {isa = PBXFileReference; lastKnownFileType = sourcecode.c.objc; path = SCToolkit.m; sourceTree = "<group>"; };
		9FD5513D14840A7400715063 /* SCToolkitTests.octest */ = {isa = PBXFileReference; explicitFileType = wrapper.cfbundle; includeInIndex = 0; path = SCToolkitTests.octest; sourceTree = BUILT_PRODUCTS_DIR; };
		9FD5513E14840A7400715063 /* SenTestingKit.framework */ = {isa = PBXFileReference; lastKnownFileType = wrapper.framework; name = SenTestingKit.framework; path = Library/Frameworks/SenTestingKit.framework; sourceTree = DEVELOPER_DIR; };
		9FD5514614840A7400715063 /* SCToolkitTests-Info.plist */ = {isa = PBXFileReference; lastKnownFileType = text.plist.xml; path = "SCToolkitTests-Info.plist"; sourceTree = "<group>"; };
		9FD5514814840A7400715063 /* en */ = {isa = PBXFileReference; lastKnownFileType = text.plist.strings; name = en; path = en.lproj/InfoPlist.strings; sourceTree = "<group>"; };
		9FD5514A14840A7400715063 /* SCToolkitTests.h */ = {isa = PBXFileReference; lastKnownFileType = sourcecode.c.h; path = SCToolkitTests.h; sourceTree = "<group>"; };
		9FD5514B14840A7400715063 /* SCToolkitTests.m */ = {isa = PBXFileReference; lastKnownFileType = sourcecode.c.objc; path = SCToolkitTests.m; sourceTree = "<group>"; };
/* End PBXFileReference section */

/* Begin PBXFrameworksBuildPhase section */
		9FD5512114840A7400715063 /* Frameworks */ = {
			isa = PBXFrameworksBuildPhase;
			buildActionMask = 2147483647;
			files = (
				9FA8E8A814844C9C00EF8E0E /* Quartz.framework in Frameworks */,
				9FA8E8A914844C9C00EF8E0E /* QuartzCore.framework in Frameworks */,
				9FA8E8A514844C8C00EF8E0E /* IOKit.framework in Frameworks */,
				9FD5512914840A7400715063 /* Cocoa.framework in Frameworks */,
			);
			runOnlyForDeploymentPostprocessing = 0;
		};
		9FD5513914840A7400715063 /* Frameworks */ = {
			isa = PBXFrameworksBuildPhase;
			buildActionMask = 2147483647;
			files = (
				9FD5513F14840A7400715063 /* SenTestingKit.framework in Frameworks */,
				9FD5514014840A7400715063 /* Cocoa.framework in Frameworks */,
				9FD5514314840A7400715063 /* SCToolkit.framework in Frameworks */,
			);
			runOnlyForDeploymentPostprocessing = 0;
		};
/* End PBXFrameworksBuildPhase section */

/* Begin PBXGroup section */
		9FA487231484162B00B43F2C /* Additions */ = {
			isa = PBXGroup;
			children = (
				9FA487281484170400B43F2C /* NSTimer+Pausing.h */,
				9FA487291484170400B43F2C /* NSTimer+Pausing.m */,
				9FA4872C148418DC00B43F2C /* NSFileManager+SCAdditions.h */,
				9FA4872D148418DC00B43F2C /* NSFileManager+SCAdditions.m */,
				9FA8E81F14843A6600EF8E0E /* NSString+SCAdditions.h */,
				9FA8E82014843A6600EF8E0E /* NSString+SCAdditions.m */,
				9FA8E8DA148458AE00EF8E0E /* NSObject+SCBlocksKit.h */,
				9FA8E8DB148458AE00EF8E0E /* NSObject+SCBlocksKit.m */,
				9FA8E8DE148458C600EF8E0E /* NSTimer+SCBlocksKit.h */,
				9FA8E8DF148458C600EF8E0E /* NSTimer+SCBlocksKit.m */,
			);
			path = Additions;
			sourceTree = "<group>";
		};
		9FA487241484162B00B43F2C /* ThirdParty */ = {
			isa = PBXGroup;
			children = (
				9FA8E8331484461700EF8E0E /* AMSerialPort */,
			);
			path = ThirdParty;
			sourceTree = "<group>";
		};
		9FA487251484162B00B43F2C /* UIKit */ = {
			isa = PBXGroup;
			children = (
			);
			path = UIKit;
			sourceTree = "<group>";
		};
		9FA487261484162B00B43F2C /* Utilities */ = {
			isa = PBXGroup;
			children = (
			);
			path = Utilities;
			sourceTree = "<group>";
		};
		9FA8E8331484461700EF8E0E /* AMSerialPort */ = {
			isa = PBXGroup;
			children = (
				9FA8E8341484461700EF8E0E /* AMSerialErrors.h */,
				9FA8E8351484461700EF8E0E /* AMSerialPort.h */,
				9FA8E8361484461700EF8E0E /* AMSerialPort.m */,
				9FA8E8371484461700EF8E0E /* AMSerialPortAdditions.h */,
				9FA8E8381484461700EF8E0E /* AMSerialPortAdditions.m */,
				9FA8E8391484461700EF8E0E /* AMSerialPortList.h */,
				9FA8E83A1484461700EF8E0E /* AMSerialPortList.m */,
			);
			path = AMSerialPort;
			sourceTree = "<group>";
		};
		9FD5511914840A7400715063 = {
			isa = PBXGroup;
			children = (
				9FD5512E14840A7400715063 /* SCToolkit */,
				9FD5514414840A7400715063 /* SCToolkitTests */,
				9FD5512714840A7400715063 /* Frameworks */,
				9FD5512614840A7400715063 /* Products */,
			);
			sourceTree = "<group>";
		};
		9FD5512614840A7400715063 /* Products */ = {
			isa = PBXGroup;
			children = (
				9FD5512514840A7400715063 /* SCToolkit.framework */,
				9FD5513D14840A7400715063 /* SCToolkitTests.octest */,
			);
			name = Products;
			sourceTree = "<group>";
		};
		9FD5512714840A7400715063 /* Frameworks */ = {
			isa = PBXGroup;
			children = (
				9FA8E8A614844C9C00EF8E0E /* Quartz.framework */,
				9FA8E8A714844C9C00EF8E0E /* QuartzCore.framework */,
				9FA8E8A414844C8C00EF8E0E /* IOKit.framework */,
				9FD5512814840A7400715063 /* Cocoa.framework */,
				9FD5513E14840A7400715063 /* SenTestingKit.framework */,
				9FD5512A14840A7400715063 /* Other Frameworks */,
			);
			name = Frameworks;
			sourceTree = "<group>";
		};
		9FD5512A14840A7400715063 /* Other Frameworks */ = {
			isa = PBXGroup;
			children = (
				9FD5512B14840A7400715063 /* AppKit.framework */,
				9FD5512C14840A7400715063 /* CoreData.framework */,
				9FD5512D14840A7400715063 /* Foundation.framework */,
			);
			name = "Other Frameworks";
			sourceTree = "<group>";
		};
		9FD5512E14840A7400715063 /* SCToolkit */ = {
			isa = PBXGroup;
			children = (
				9FA487231484162B00B43F2C /* Additions */,
				9FA487241484162B00B43F2C /* ThirdParty */,
				9FA487251484162B00B43F2C /* UIKit */,
				9FA487261484162B00B43F2C /* Utilities */,
				9FD5513514840A7400715063 /* SCToolkit.h */,
				9FD5513614840A7400715063 /* SCToolkit.m */,
				9FD5512F14840A7400715063 /* Supporting Files */,
			);
			path = SCToolkit;
			sourceTree = "<group>";
		};
		9FD5512F14840A7400715063 /* Supporting Files */ = {
			isa = PBXGroup;
			children = (
				9FD5513014840A7400715063 /* SCToolkit-Info.plist */,
				9FD5513114840A7400715063 /* InfoPlist.strings */,
				9FD5513414840A7400715063 /* SCToolkit-Prefix.pch */,
			);
			name = "Supporting Files";
			sourceTree = "<group>";
		};
		9FD5514414840A7400715063 /* SCToolkitTests */ = {
			isa = PBXGroup;
			children = (
				9FD5514A14840A7400715063 /* SCToolkitTests.h */,
				9FD5514B14840A7400715063 /* SCToolkitTests.m */,
				9FD5514514840A7400715063 /* Supporting Files */,
			);
			path = SCToolkitTests;
			sourceTree = "<group>";
		};
		9FD5514514840A7400715063 /* Supporting Files */ = {
			isa = PBXGroup;
			children = (
				9FD5514614840A7400715063 /* SCToolkitTests-Info.plist */,
				9FD5514714840A7400715063 /* InfoPlist.strings */,
			);
			name = "Supporting Files";
			sourceTree = "<group>";
		};
/* End PBXGroup section */

/* Begin PBXHeadersBuildPhase section */
		9FD5512214840A7400715063 /* Headers */ = {
			isa = PBXHeadersBuildPhase;
			buildActionMask = 2147483647;
			files = (
				9FD5517014840EE700715063 /* SCToolkit.h in Headers */,
				9FA4872A1484170400B43F2C /* NSTimer+Pausing.h in Headers */,
				9FA4872E148418DC00B43F2C /* NSFileManager+SCAdditions.h in Headers */,
				9FA8E82114843A6600EF8E0E /* NSString+SCAdditions.h in Headers */,
				9FA8E8DC148458AE00EF8E0E /* NSObject+SCBlocksKit.h in Headers */,
				9FA8E8E0148458C600EF8E0E /* NSTimer+SCBlocksKit.h in Headers */,
				9FA8E83C1484461700EF8E0E /* AMSerialPort.h in Headers */,
				9FA8E8401484461700EF8E0E /* AMSerialPortList.h in Headers */,
				9FA8E83B1484461700EF8E0E /* AMSerialErrors.h in Headers */,
				9FA8E83E1484461700EF8E0E /* AMSerialPortAdditions.h in Headers */,
			);
			runOnlyForDeploymentPostprocessing = 0;
		};
/* End PBXHeadersBuildPhase section */

/* Begin PBXNativeTarget section */
		9FD5512414840A7400715063 /* SCToolkit */ = {
			isa = PBXNativeTarget;
			buildConfigurationList = 9FD5514F14840A7400715063 /* Build configuration list for PBXNativeTarget "SCToolkit" */;
			buildPhases = (
				9FD5512014840A7400715063 /* Sources */,
				9FD5512114840A7400715063 /* Frameworks */,
				9FD5512214840A7400715063 /* Headers */,
				9FD5512314840A7400715063 /* Resources */,
			);
			buildRules = (
			);
			dependencies = (
			);
			name = SCToolkit;
			productName = SCToolkit;
			productReference = 9FD5512514840A7400715063 /* SCToolkit.framework */;
			productType = "com.apple.product-type.framework";
		};
		9FD5513C14840A7400715063 /* SCToolkitTests */ = {
			isa = PBXNativeTarget;
			buildConfigurationList = 9FD5515214840A7400715063 /* Build configuration list for PBXNativeTarget "SCToolkitTests" */;
			buildPhases = (
				9FD5513814840A7400715063 /* Sources */,
				9FD5513914840A7400715063 /* Frameworks */,
				9FD5513A14840A7400715063 /* Resources */,
				9FD5513B14840A7400715063 /* ShellScript */,
			);
			buildRules = (
			);
			dependencies = (
				9FD5514214840A7400715063 /* PBXTargetDependency */,
			);
			name = SCToolkitTests;
			productName = SCToolkitTests;
			productReference = 9FD5513D14840A7400715063 /* SCToolkitTests.octest */;
			productType = "com.apple.product-type.bundle";
		};
/* End PBXNativeTarget section */

/* Begin PBXProject section */
		9FD5511B14840A7400715063 /* Project object */ = {
			isa = PBXProject;
			attributes = {
				LastUpgradeCheck = 0420;
				ORGANIZATIONNAME = "Vincent S. Wang";
			};
			buildConfigurationList = 9FD5511E14840A7400715063 /* Build configuration list for PBXProject "SCToolkit" */;
			compatibilityVersion = "Xcode 3.2";
			developmentRegion = English;
			hasScannedForEncodings = 0;
			knownRegions = (
				en,
			);
			mainGroup = 9FD5511914840A7400715063;
			productRefGroup = 9FD5512614840A7400715063 /* Products */;
			projectDirPath = "";
			projectRoot = "";
			targets = (
				9FD5512414840A7400715063 /* SCToolkit */,
				9FD5513C14840A7400715063 /* SCToolkitTests */,
			);
		};
/* End PBXProject section */

/* Begin PBXResourcesBuildPhase section */
		9FD5512314840A7400715063 /* Resources */ = {
			isa = PBXResourcesBuildPhase;
			buildActionMask = 2147483647;
			files = (
				9FD5513314840A7400715063 /* InfoPlist.strings in Resources */,
			);
			runOnlyForDeploymentPostprocessing = 0;
		};
		9FD5513A14840A7400715063 /* Resources */ = {
			isa = PBXResourcesBuildPhase;
			buildActionMask = 2147483647;
			files = (
				9FD5514914840A7400715063 /* InfoPlist.strings in Resources */,
			);
			runOnlyForDeploymentPostprocessing = 0;
		};
/* End PBXResourcesBuildPhase section */

/* Begin PBXShellScriptBuildPhase section */
		9FD5513B14840A7400715063 /* ShellScript */ = {
			isa = PBXShellScriptBuildPhase;
			buildActionMask = 2147483647;
			files = (
			);
			inputPaths = (
			);
			outputPaths = (
			);
			runOnlyForDeploymentPostprocessing = 0;
			shellPath = /bin/sh;
			shellScript = "# Run the unit tests in this test bundle.\n\"${SYSTEM_DEVELOPER_DIR}/Tools/RunUnitTests\"\n";
		};
/* End PBXShellScriptBuildPhase section */

/* Begin PBXSourcesBuildPhase section */
		9FD5512014840A7400715063 /* Sources */ = {
			isa = PBXSourcesBuildPhase;
			buildActionMask = 2147483647;
			files = (
				9FD5513714840A7400715063 /* SCToolkit.m in Sources */,
				9FA4872B1484170400B43F2C /* NSTimer+Pausing.m in Sources */,
				9FA4872F148418DC00B43F2C /* NSFileManager+SCAdditions.m in Sources */,
				9FA8E82214843A6600EF8E0E /* NSString+SCAdditions.m in Sources */,
				9FA8E83D1484461700EF8E0E /* AMSerialPort.m in Sources */,
				9FA8E83F1484461700EF8E0E /* AMSerialPortAdditions.m in Sources */,
				9FA8E8411484461700EF8E0E /* AMSerialPortList.m in Sources */,
				9FA8E8DD148458AE00EF8E0E /* NSObject+SCBlocksKit.m in Sources */,
				9FA8E8E1148458C600EF8E0E /* NSTimer+SCBlocksKit.m in Sources */,
			);
			runOnlyForDeploymentPostprocessing = 0;
		};
		9FD5513814840A7400715063 /* Sources */ = {
			isa = PBXSourcesBuildPhase;
			buildActionMask = 2147483647;
			files = (
				9FD5514C14840A7400715063 /* SCToolkitTests.m in Sources */,
			);
			runOnlyForDeploymentPostprocessing = 0;
		};
/* End PBXSourcesBuildPhase section */

/* Begin PBXTargetDependency section */
		9FD5514214840A7400715063 /* PBXTargetDependency */ = {
			isa = PBXTargetDependency;
			target = 9FD5512414840A7400715063 /* SCToolkit */;
			targetProxy = 9FD5514114840A7400715063 /* PBXContainerItemProxy */;
		};
/* End PBXTargetDependency section */

/* Begin PBXVariantGroup section */
		9FD5513114840A7400715063 /* InfoPlist.strings */ = {
			isa = PBXVariantGroup;
			children = (
				9FD5513214840A7400715063 /* en */,
			);
			name = InfoPlist.strings;
			sourceTree = "<group>";
		};
		9FD5514714840A7400715063 /* InfoPlist.strings */ = {
			isa = PBXVariantGroup;
			children = (
				9FD5514814840A7400715063 /* en */,
			);
			name = InfoPlist.strings;
			sourceTree = "<group>";
		};
/* End PBXVariantGroup section */

/* Begin XCBuildConfiguration section */
		9FD5514D14840A7400715063 /* Debug */ = {
			isa = XCBuildConfiguration;
			buildSettings = {
				ALWAYS_SEARCH_USER_PATHS = NO;
				ARCHS = "$(ARCHS_STANDARD_32_64_BIT)";
				COPY_PHASE_STRIP = NO;
				GCC_C_LANGUAGE_STANDARD = gnu99;
				GCC_DYNAMIC_NO_PIC = NO;
				GCC_ENABLE_OBJC_EXCEPTIONS = YES;
				GCC_OPTIMIZATION_LEVEL = 0;
				GCC_PREPROCESSOR_DEFINITIONS = (
					"DEBUG=1",
					"$(inherited)",
				);
				GCC_SYMBOLS_PRIVATE_EXTERN = NO;
				GCC_VERSION = com.apple.compilers.llvm.clang.1_0;
				GCC_WARN_64_TO_32_BIT_CONVERSION = YES;
				GCC_WARN_ABOUT_MISSING_PROTOTYPES = YES;
				GCC_WARN_ABOUT_RETURN_TYPE = YES;
				GCC_WARN_UNUSED_VARIABLE = YES;
				MACOSX_DEPLOYMENT_TARGET = 10.6;
				ONLY_ACTIVE_ARCH = YES;
				SDKROOT = macosx;
			};
			name = Debug;
		};
		9FD5514E14840A7400715063 /* Release */ = {
			isa = XCBuildConfiguration;
			buildSettings = {
				ALWAYS_SEARCH_USER_PATHS = NO;
				ARCHS = "$(ARCHS_STANDARD_32_64_BIT)";
				COPY_PHASE_STRIP = YES;
				DEBUG_INFORMATION_FORMAT = "dwarf-with-dsym";
				GCC_C_LANGUAGE_STANDARD = gnu99;
				GCC_ENABLE_OBJC_EXCEPTIONS = YES;
				GCC_VERSION = com.apple.compilers.llvm.clang.1_0;
				GCC_WARN_64_TO_32_BIT_CONVERSION = YES;
				GCC_WARN_ABOUT_MISSING_PROTOTYPES = YES;
				GCC_WARN_ABOUT_RETURN_TYPE = YES;
				GCC_WARN_UNUSED_VARIABLE = YES;
				MACOSX_DEPLOYMENT_TARGET = 10.6;
				SDKROOT = macosx;
			};
			name = Release;
		};
		9FD5515014840A7400715063 /* Debug */ = {
			isa = XCBuildConfiguration;
			buildSettings = {
				ARCHS = "$(ARCHS_STANDARD_32_64_BIT)";
				DYLIB_COMPATIBILITY_VERSION = 1;
				DYLIB_CURRENT_VERSION = 1;
				FRAMEWORK_VERSION = A;
				GCC_PRECOMPILE_PREFIX_HEADER = YES;
				GCC_PREFIX_HEADER = "SCToolkit/SCToolkit-Prefix.pch";
				INFOPLIST_FILE = "SCToolkit/SCToolkit-Info.plist";
				MACOSX_DEPLOYMENT_TARGET = 10.6;
				PRODUCT_NAME = "$(TARGET_NAME)";
				WRAPPER_EXTENSION = framework;
			};
			name = Debug;
		};
		9FD5515114840A7400715063 /* Release */ = {
			isa = XCBuildConfiguration;
			buildSettings = {
				ARCHS = "$(ARCHS_STANDARD_32_64_BIT)";
				DYLIB_COMPATIBILITY_VERSION = 1;
				DYLIB_CURRENT_VERSION = 1;
				FRAMEWORK_VERSION = A;
				GCC_PRECOMPILE_PREFIX_HEADER = YES;
				GCC_PREFIX_HEADER = "SCToolkit/SCToolkit-Prefix.pch";
				INFOPLIST_FILE = "SCToolkit/SCToolkit-Info.plist";
				MACOSX_DEPLOYMENT_TARGET = 10.6;
				PRODUCT_NAME = "$(TARGET_NAME)";
				WRAPPER_EXTENSION = framework;
			};
			name = Release;
		};
		9FD5515314840A7400715063 /* Debug */ = {
			isa = XCBuildConfiguration;
			buildSettings = {
				FRAMEWORK_SEARCH_PATHS = "$(DEVELOPER_LIBRARY_DIR)/Frameworks";
				GCC_PRECOMPILE_PREFIX_HEADER = YES;
				GCC_PREFIX_HEADER = "SCToolkit/SCToolkit-Prefix.pch";
				INFOPLIST_FILE = "SCToolkitTests/SCToolkitTests-Info.plist";
				PRODUCT_NAME = "$(TARGET_NAME)";
				WRAPPER_EXTENSION = octest;
			};
			name = Debug;
		};
		9FD5515414840A7400715063 /* Release */ = {
			isa = XCBuildConfiguration;
			buildSettings = {
				FRAMEWORK_SEARCH_PATHS = "$(DEVELOPER_LIBRARY_DIR)/Frameworks";
				GCC_PRECOMPILE_PREFIX_HEADER = YES;
				GCC_PREFIX_HEADER = "SCToolkit/SCToolkit-Prefix.pch";
				INFOPLIST_FILE = "SCToolkitTests/SCToolkitTests-Info.plist";
				PRODUCT_NAME = "$(TARGET_NAME)";
				WRAPPER_EXTENSION = octest;
			};
			name = Release;
		};
/* End XCBuildConfiguration section */

/* Begin XCConfigurationList section */
		9FD5511E14840A7400715063 /* Build configuration list for PBXProject "SCToolkit" */ = {
			isa = XCConfigurationList;
			buildConfigurations = (
				9FD5514D14840A7400715063 /* Debug */,
				9FD5514E14840A7400715063 /* Release */,
			);
			defaultConfigurationIsVisible = 0;
			defaultConfigurationName = Release;
		};
		9FD5514F14840A7400715063 /* Build configuration list for PBXNativeTarget "SCToolkit" */ = {
			isa = XCConfigurationList;
			buildConfigurations = (
				9FD5515014840A7400715063 /* Debug */,
				9FD5515114840A7400715063 /* Release */,
			);
			defaultConfigurationIsVisible = 0;
			defaultConfigurationName = Release;
		};
		9FD5515214840A7400715063 /* Build configuration list for PBXNativeTarget "SCToolkitTests" */ = {
			isa = XCConfigurationList;
			buildConfigurations = (
				9FD5515314840A7400715063 /* Debug */,
				9FD5515414840A7400715063 /* Release */,
			);
			defaultConfigurationIsVisible = 0;
			defaultConfigurationName = Release;
		};
/* End XCConfigurationList section */
	};
	rootObject = 9FD5511B14840A7400715063 /* Project object */;
}
