// !$*UTF8*$!
{
	archiveVersion = 1;
	classes = {
	};
	objectVersion = 46;
	objects = {

/* Begin PBXBuildFile section */
		9F435017149139DD0048169B /* SCSelectionBorder.h in Headers */ = {isa = PBXBuildFile; fileRef = 9F435015149139DC0048169B /* SCSelectionBorder.h */; settings = {ATTRIBUTES = (Public, ); }; };
		9F435018149139DD0048169B /* SCSelectionBorder.m in Sources */ = {isa = PBXBuildFile; fileRef = 9F435016149139DC0048169B /* SCSelectionBorder.m */; };
		9F7A795F14880A0700113680 /* INAppStoreWindow.h in Headers */ = {isa = PBXBuildFile; fileRef = 9F7A795D14880A0700113680 /* INAppStoreWindow.h */; settings = {ATTRIBUTES = (Public, ); }; };
		9F7A796014880A0700113680 /* INAppStoreWindow.m in Sources */ = {isa = PBXBuildFile; fileRef = 9F7A795E14880A0700113680 /* INAppStoreWindow.m */; };
		9F9818221486935000D28199 /* NSApplication+SCAdditions.h in Headers */ = {isa = PBXBuildFile; fileRef = 9F9818201486935000D28199 /* NSApplication+SCAdditions.h */; settings = {ATTRIBUTES = (Public, ); }; };
		9F9818231486935000D28199 /* NSApplication+SCAdditions.m in Sources */ = {isa = PBXBuildFile; fileRef = 9F9818211486935000D28199 /* NSApplication+SCAdditions.m */; };
		9F981827148694E400D28199 /* NSBundle+SCAdditions.h in Headers */ = {isa = PBXBuildFile; fileRef = 9F981825148694E400D28199 /* NSBundle+SCAdditions.h */; settings = {ATTRIBUTES = (Public, ); }; };
		9F981828148694E400D28199 /* NSBundle+SCAdditions.m in Sources */ = {isa = PBXBuildFile; fileRef = 9F981826148694E400D28199 /* NSBundle+SCAdditions.m */; };
		9FA4872A1484170400B43F2C /* NSTimer+Pausing.h in Headers */ = {isa = PBXBuildFile; fileRef = 9FA487281484170400B43F2C /* NSTimer+Pausing.h */; settings = {ATTRIBUTES = (Public, ); }; };
		9FA4872B1484170400B43F2C /* NSTimer+Pausing.m in Sources */ = {isa = PBXBuildFile; fileRef = 9FA487291484170400B43F2C /* NSTimer+Pausing.m */; };
		9FA4872E148418DC00B43F2C /* NSFileManager+SCAdditions.h in Headers */ = {isa = PBXBuildFile; fileRef = 9FA4872C148418DC00B43F2C /* NSFileManager+SCAdditions.h */; settings = {ATTRIBUTES = (Public, ); }; };
		9FA4872F148418DC00B43F2C /* NSFileManager+SCAdditions.m in Sources */ = {isa = PBXBuildFile; fileRef = 9FA4872D148418DC00B43F2C /* NSFileManager+SCAdditions.m */; };
		9FA5683014894B9C00707DD6 /* SCHybridPopoverController.h in Headers */ = {isa = PBXBuildFile; fileRef = 9FA5682E14894B9C00707DD6 /* SCHybridPopoverController.h */; settings = {ATTRIBUTES = (Public, ); }; };
		9FA5683114894B9C00707DD6 /* SCHybridPopoverController.m in Sources */ = {isa = PBXBuildFile; fileRef = 9FA5682F14894B9C00707DD6 /* SCHybridPopoverController.m */; };
		9FA5683D14894BA800707DD6 /* INPopoverController.h in Headers */ = {isa = PBXBuildFile; fileRef = 9FA5683414894BA800707DD6 /* INPopoverController.h */; settings = {ATTRIBUTES = (Public, ); }; };
		9FA5683E14894BA800707DD6 /* INPopoverController.m in Sources */ = {isa = PBXBuildFile; fileRef = 9FA5683514894BA800707DD6 /* INPopoverController.m */; };
		9FA5683F14894BA800707DD6 /* INPopoverControllerDefines.h in Headers */ = {isa = PBXBuildFile; fileRef = 9FA5683614894BA800707DD6 /* INPopoverControllerDefines.h */; settings = {ATTRIBUTES = (Public, ); }; };
		9FA5684014894BA800707DD6 /* INPopoverParentWindow.h in Headers */ = {isa = PBXBuildFile; fileRef = 9FA5683714894BA800707DD6 /* INPopoverParentWindow.h */; settings = {ATTRIBUTES = (Public, ); }; };
		9FA5684114894BA800707DD6 /* INPopoverParentWindow.m in Sources */ = {isa = PBXBuildFile; fileRef = 9FA5683814894BA800707DD6 /* INPopoverParentWindow.m */; };
		9FA5684214894BA800707DD6 /* INPopoverWindow.h in Headers */ = {isa = PBXBuildFile; fileRef = 9FA5683914894BA800707DD6 /* INPopoverWindow.h */; settings = {ATTRIBUTES = (Public, ); }; };
		9FA5684314894BA800707DD6 /* INPopoverWindow.m in Sources */ = {isa = PBXBuildFile; fileRef = 9FA5683A14894BA800707DD6 /* INPopoverWindow.m */; };
		9FA5684414894BA800707DD6 /* INPopoverWindowFrame.h in Headers */ = {isa = PBXBuildFile; fileRef = 9FA5683B14894BA800707DD6 /* INPopoverWindowFrame.h */; settings = {ATTRIBUTES = (Public, ); }; };
		9FA5684514894BA800707DD6 /* INPopoverWindowFrame.m in Sources */ = {isa = PBXBuildFile; fileRef = 9FA5683C14894BA800707DD6 /* INPopoverWindowFrame.m */; };
		9FA5684C14894E5A00707DD6 /* NSUserDefaults+SCAdditions.h in Headers */ = {isa = PBXBuildFile; fileRef = 9FA5684A14894E5A00707DD6 /* NSUserDefaults+SCAdditions.h */; settings = {ATTRIBUTES = (Public, ); }; };
		9FA5684D14894E5A00707DD6 /* NSUserDefaults+SCAdditions.m in Sources */ = {isa = PBXBuildFile; fileRef = 9FA5684B14894E5A00707DD6 /* NSUserDefaults+SCAdditions.m */; };
		9FA8E82114843A6600EF8E0E /* NSString+SCAdditions.h in Headers */ = {isa = PBXBuildFile; fileRef = 9FA8E81F14843A6600EF8E0E /* NSString+SCAdditions.h */; settings = {ATTRIBUTES = (Public, ); }; };
		9FA8E82214843A6600EF8E0E /* NSString+SCAdditions.m in Sources */ = {isa = PBXBuildFile; fileRef = 9FA8E82014843A6600EF8E0E /* NSString+SCAdditions.m */; };
		9FA8E83B1484461700EF8E0E /* AMSerialErrors.h in Headers */ = {isa = PBXBuildFile; fileRef = 9FA8E8341484461700EF8E0E /* AMSerialErrors.h */; settings = {ATTRIBUTES = (Public, ); }; };
		9FA8E83C1484461700EF8E0E /* AMSerialPort.h in Headers */ = {isa = PBXBuildFile; fileRef = 9FA8E8351484461700EF8E0E /* AMSerialPort.h */; settings = {ATTRIBUTES = (Public, ); }; };
		9FA8E83D1484461700EF8E0E /* AMSerialPort.m in Sources */ = {isa = PBXBuildFile; fileRef = 9FA8E8361484461700EF8E0E /* AMSerialPort.m */; };
		9FA8E83E1484461700EF8E0E /* AMSerialPortAdditions.h in Headers */ = {isa = PBXBuildFile; fileRef = 9FA8E8371484461700EF8E0E /* AMSerialPortAdditions.h */; settings = {ATTRIBUTES = (Public, ); }; };
		9FA8E83F1484461700EF8E0E /* AMSerialPortAdditions.m in Sources */ = {isa = PBXBuildFile; fileRef = 9FA8E8381484461700EF8E0E /* AMSerialPortAdditions.m */; };
		9FA8E8401484461700EF8E0E /* AMSerialPortList.h in Headers */ = {isa = PBXBuildFile; fileRef = 9FA8E8391484461700EF8E0E /* AMSerialPortList.h */; settings = {ATTRIBUTES = (Public, ); }; };
		9FA8E8411484461700EF8E0E /* AMSerialPortList.m in Sources */ = {isa = PBXBuildFile; fileRef = 9FA8E83A1484461700EF8E0E /* AMSerialPortList.m */; };
		9FA8E8A514844C8C00EF8E0E /* IOKit.framework in Frameworks */ = {isa = PBXBuildFile; fileRef = 9FA8E8A414844C8C00EF8E0E /* IOKit.framework */; };
		9FA8E8A814844C9C00EF8E0E /* Quartz.framework in Frameworks */ = {isa = PBXBuildFile; fileRef = 9FA8E8A614844C9C00EF8E0E /* Quartz.framework */; };
		9FA8E8A914844C9C00EF8E0E /* QuartzCore.framework in Frameworks */ = {isa = PBXBuildFile; fileRef = 9FA8E8A714844C9C00EF8E0E /* QuartzCore.framework */; };
		9FAFDF1F148FE7260061A69F /* NSBezierPath+SCAdditions.h in Headers */ = {isa = PBXBuildFile; fileRef = 9FAFDF1D148FE7260061A69F /* NSBezierPath+SCAdditions.h */; settings = {ATTRIBUTES = (Public, ); }; };
		9FAFDF20148FE7260061A69F /* NSBezierPath+SCAdditions.m in Sources */ = {isa = PBXBuildFile; fileRef = 9FAFDF1E148FE7260061A69F /* NSBezierPath+SCAdditions.m */; };
		9FD5512914840A7400715063 /* Cocoa.framework in Frameworks */ = {isa = PBXBuildFile; fileRef = 9FD5512814840A7400715063 /* Cocoa.framework */; };
		9FD5513314840A7400715063 /* InfoPlist.strings in Resources */ = {isa = PBXBuildFile; fileRef = 9FD5513114840A7400715063 /* InfoPlist.strings */; };
		9FD5513714840A7400715063 /* SCToolkit.m in Sources */ = {isa = PBXBuildFile; fileRef = 9FD5513614840A7400715063 /* SCToolkit.m */; };
		9FD5513F14840A7400715063 /* SenTestingKit.framework in Frameworks */ = {isa = PBXBuildFile; fileRef = 9FD5513E14840A7400715063 /* SenTestingKit.framework */; };
		9FD5514014840A7400715063 /* Cocoa.framework in Frameworks */ = {isa = PBXBuildFile; fileRef = 9FD5512814840A7400715063 /* Cocoa.framework */; };
		9FD5514314840A7400715063 /* SCToolkit.framework in Frameworks */ = {isa = PBXBuildFile; fileRef = 9FD5512514840A7400715063 /* SCToolkit.framework */; };
		9FD5514914840A7400715063 /* InfoPlist.strings in Resources */ = {isa = PBXBuildFile; fileRef = 9FD5514714840A7400715063 /* InfoPlist.strings */; };
		9FD5517014840EE700715063 /* SCToolkit.h in Headers */ = {isa = PBXBuildFile; fileRef = 9FD5513514840A7400715063 /* SCToolkit.h */; settings = {ATTRIBUTES = (Public, ); }; };
		9FF4183B1485533B000A83B9 /* SCGlobals.h in Headers */ = {isa = PBXBuildFile; fileRef = 9FF4183A1485533B000A83B9 /* SCGlobals.h */; settings = {ATTRIBUTES = (Public, ); }; };
		9FF4184714855971000A83B9 /* SCTimerFormatter.h in Headers */ = {isa = PBXBuildFile; fileRef = 9FF4184514855971000A83B9 /* SCTimerFormatter.h */; settings = {ATTRIBUTES = (Public, ); }; };
		9FF4184814855971000A83B9 /* SCTimerFormatter.m in Sources */ = {isa = PBXBuildFile; fileRef = 9FF4184614855971000A83B9 /* SCTimerFormatter.m */; };
		9FF4184B148559FA000A83B9 /* NSImage+SCAdditions.h in Headers */ = {isa = PBXBuildFile; fileRef = 9FF41849148559FA000A83B9 /* NSImage+SCAdditions.h */; settings = {ATTRIBUTES = (Public, ); }; };
		9FF4184C148559FA000A83B9 /* NSImage+SCAdditions.m in Sources */ = {isa = PBXBuildFile; fileRef = 9FF4184A148559FA000A83B9 /* NSImage+SCAdditions.m */; };
		9FF4184F148572EF000A83B9 /* NSWindow+SCAdditions.h in Headers */ = {isa = PBXBuildFile; fileRef = 9FF4184D148572EF000A83B9 /* NSWindow+SCAdditions.h */; settings = {ATTRIBUTES = (Public, ); }; };
		9FF41850148572EF000A83B9 /* NSWindow+SCAdditions.m in Sources */ = {isa = PBXBuildFile; fileRef = 9FF4184E148572EF000A83B9 /* NSWindow+SCAdditions.m */; };
		9FF418531485733A000A83B9 /* NSView+SCAdditions.h in Headers */ = {isa = PBXBuildFile; fileRef = 9FF418511485733A000A83B9 /* NSView+SCAdditions.h */; settings = {ATTRIBUTES = (Public, ); }; };
		9FF418541485733A000A83B9 /* NSView+SCAdditions.m in Sources */ = {isa = PBXBuildFile; fileRef = 9FF418521485733A000A83B9 /* NSView+SCAdditions.m */; };
		9FF4186214858FEB000A83B9 /* NSWorkspace+SCAdditions.h in Headers */ = {isa = PBXBuildFile; fileRef = 9FF4186014858FEB000A83B9 /* NSWorkspace+SCAdditions.h */; settings = {ATTRIBUTES = (Public, ); }; };
		9FF4186314858FEB000A83B9 /* NSWorkspace+SCAdditions.m in Sources */ = {isa = PBXBuildFile; fileRef = 9FF4186114858FEB000A83B9 /* NSWorkspace+SCAdditions.m */; };
		9FF4186614859CDC000A83B9 /* NSMutableArray+SCAdditions.h in Headers */ = {isa = PBXBuildFile; fileRef = 9FF4186414859CDC000A83B9 /* NSMutableArray+SCAdditions.h */; settings = {ATTRIBUTES = (Public, ); }; };
		9FF4186714859CDC000A83B9 /* NSMutableArray+SCAdditions.m in Sources */ = {isa = PBXBuildFile; fileRef = 9FF4186514859CDC000A83B9 /* NSMutableArray+SCAdditions.m */; };
		9FF4186A14859D44000A83B9 /* NSArray+SCAdditions.h in Headers */ = {isa = PBXBuildFile; fileRef = 9FF4186814859D43000A83B9 /* NSArray+SCAdditions.h */; settings = {ATTRIBUTES = (Public, ); }; };
		9FF4186B14859D44000A83B9 /* NSArray+SCAdditions.m in Sources */ = {isa = PBXBuildFile; fileRef = 9FF4186914859D43000A83B9 /* NSArray+SCAdditions.m */; };
		9FF4186E14859E52000A83B9 /* NSData+SCAdditions.h in Headers */ = {isa = PBXBuildFile; fileRef = 9FF4186C14859E51000A83B9 /* NSData+SCAdditions.h */; settings = {ATTRIBUTES = (Public, ); }; };
		9FF4186F14859E52000A83B9 /* NSData+SCAdditions.m in Sources */ = {isa = PBXBuildFile; fileRef = 9FF4186D14859E51000A83B9 /* NSData+SCAdditions.m */; };
		9FF418751485A088000A83B9 /* ApplicationServices.framework in Frameworks */ = {isa = PBXBuildFile; fileRef = 9FF418731485A07D000A83B9 /* ApplicationServices.framework */; };
		9FF418761485A08E000A83B9 /* Security.framework in Frameworks */ = {isa = PBXBuildFile; fileRef = 9FF418701485A04E000A83B9 /* Security.framework */; };
		9FF4187C1485A0EB000A83B9 /* libcrypto.dylib in Frameworks */ = {isa = PBXBuildFile; fileRef = 9FF4187A1485A0D6000A83B9 /* libcrypto.dylib */; };
		9FF418801485A343000A83B9 /* NSNumber+SCAdditions.h in Headers */ = {isa = PBXBuildFile; fileRef = 9FF4187E1485A342000A83B9 /* NSNumber+SCAdditions.h */; settings = {ATTRIBUTES = (Public, ); }; };
		9FF418811485A343000A83B9 /* NSNumber+SCAdditions.m in Sources */ = {isa = PBXBuildFile; fileRef = 9FF4187F1485A342000A83B9 /* NSNumber+SCAdditions.m */; };
		9FF418921485DA69000A83B9 /* SCMarcos.h in Headers */ = {isa = PBXBuildFile; fileRef = 9FF418911485DA68000A83B9 /* SCMarcos.h */; settings = {ATTRIBUTES = (Public, ); }; };
		9FF4189B1485E052000A83B9 /* TestStringFromTimeInterval.m in Sources */ = {isa = PBXBuildFile; fileRef = 9FF4189A1485E052000A83B9 /* TestStringFromTimeInterval.m */; };
/* End PBXBuildFile section */

/* Begin PBXContainerItemProxy section */
		9FD5514114840A7400715063 /* PBXContainerItemProxy */ = {
			isa = PBXContainerItemProxy;
			containerPortal = 9FD5511B14840A7400715063 /* Project object */;
			proxyType = 1;
			remoteGlobalIDString = 9FD5512414840A7400715063;
			remoteInfo = SCToolkit;
		};
/* End PBXContainerItemProxy section */

/* Begin PBXFileReference section */
		9F435015149139DC0048169B /* SCSelectionBorder.h */ = {isa = PBXFileReference; fileEncoding = 4; lastKnownFileType = sourcecode.c.h; path = SCSelectionBorder.h; sourceTree = "<group>"; };
		9F435016149139DC0048169B /* SCSelectionBorder.m */ = {isa = PBXFileReference; fileEncoding = 4; lastKnownFileType = sourcecode.c.objc; path = SCSelectionBorder.m; sourceTree = "<group>"; };
		9F7A795D14880A0700113680 /* INAppStoreWindow.h */ = {isa = PBXFileReference; fileEncoding = 4; lastKnownFileType = sourcecode.c.h; path = INAppStoreWindow.h; sourceTree = "<group>"; };
		9F7A795E14880A0700113680 /* INAppStoreWindow.m */ = {isa = PBXFileReference; fileEncoding = 4; lastKnownFileType = sourcecode.c.objc; path = INAppStoreWindow.m; sourceTree = "<group>"; };
		9F9818201486935000D28199 /* NSApplication+SCAdditions.h */ = {isa = PBXFileReference; fileEncoding = 4; lastKnownFileType = sourcecode.c.h; path = "NSApplication+SCAdditions.h"; sourceTree = "<group>"; };
		9F9818211486935000D28199 /* NSApplication+SCAdditions.m */ = {isa = PBXFileReference; fileEncoding = 4; lastKnownFileType = sourcecode.c.objc; path = "NSApplication+SCAdditions.m"; sourceTree = "<group>"; };
		9F981825148694E400D28199 /* NSBundle+SCAdditions.h */ = {isa = PBXFileReference; fileEncoding = 4; lastKnownFileType = sourcecode.c.h; path = "NSBundle+SCAdditions.h"; sourceTree = "<group>"; };
		9F981826148694E400D28199 /* NSBundle+SCAdditions.m */ = {isa = PBXFileReference; fileEncoding = 4; lastKnownFileType = sourcecode.c.objc; path = "NSBundle+SCAdditions.m"; sourceTree = "<group>"; };
		9FA487281484170400B43F2C /* NSTimer+Pausing.h */ = {isa = PBXFileReference; fileEncoding = 4; lastKnownFileType = sourcecode.c.h; path = "NSTimer+Pausing.h"; sourceTree = "<group>"; };
		9FA487291484170400B43F2C /* NSTimer+Pausing.m */ = {isa = PBXFileReference; fileEncoding = 4; lastKnownFileType = sourcecode.c.objc; path = "NSTimer+Pausing.m"; sourceTree = "<group>"; };
		9FA4872C148418DC00B43F2C /* NSFileManager+SCAdditions.h */ = {isa = PBXFileReference; fileEncoding = 4; lastKnownFileType = sourcecode.c.h; path = "NSFileManager+SCAdditions.h"; sourceTree = "<group>"; };
		9FA4872D148418DC00B43F2C /* NSFileManager+SCAdditions.m */ = {isa = PBXFileReference; fileEncoding = 4; lastKnownFileType = sourcecode.c.objc; path = "NSFileManager+SCAdditions.m"; sourceTree = "<group>"; };
		9FA5682E14894B9C00707DD6 /* SCHybridPopoverController.h */ = {isa = PBXFileReference; fileEncoding = 4; lastKnownFileType = sourcecode.c.h; path = SCHybridPopoverController.h; sourceTree = "<group>"; };
		9FA5682F14894B9C00707DD6 /* SCHybridPopoverController.m */ = {isa = PBXFileReference; fileEncoding = 4; lastKnownFileType = sourcecode.c.objc; path = SCHybridPopoverController.m; sourceTree = "<group>"; };
		9FA5683414894BA800707DD6 /* INPopoverController.h */ = {isa = PBXFileReference; fileEncoding = 4; lastKnownFileType = sourcecode.c.h; path = INPopoverController.h; sourceTree = "<group>"; };
		9FA5683514894BA800707DD6 /* INPopoverController.m */ = {isa = PBXFileReference; fileEncoding = 4; lastKnownFileType = sourcecode.c.objc; path = INPopoverController.m; sourceTree = "<group>"; };
		9FA5683614894BA800707DD6 /* INPopoverControllerDefines.h */ = {isa = PBXFileReference; fileEncoding = 4; lastKnownFileType = sourcecode.c.h; path = INPopoverControllerDefines.h; sourceTree = "<group>"; };
		9FA5683714894BA800707DD6 /* INPopoverParentWindow.h */ = {isa = PBXFileReference; fileEncoding = 4; lastKnownFileType = sourcecode.c.h; path = INPopoverParentWindow.h; sourceTree = "<group>"; };
		9FA5683814894BA800707DD6 /* INPopoverParentWindow.m */ = {isa = PBXFileReference; fileEncoding = 4; lastKnownFileType = sourcecode.c.objc; path = INPopoverParentWindow.m; sourceTree = "<group>"; };
		9FA5683914894BA800707DD6 /* INPopoverWindow.h */ = {isa = PBXFileReference; fileEncoding = 4; lastKnownFileType = sourcecode.c.h; path = INPopoverWindow.h; sourceTree = "<group>"; };
		9FA5683A14894BA800707DD6 /* INPopoverWindow.m */ = {isa = PBXFileReference; fileEncoding = 4; lastKnownFileType = sourcecode.c.objc; path = INPopoverWindow.m; sourceTree = "<group>"; };
		9FA5683B14894BA800707DD6 /* INPopoverWindowFrame.h */ = {isa = PBXFileReference; fileEncoding = 4; lastKnownFileType = sourcecode.c.h; path = INPopoverWindowFrame.h; sourceTree = "<group>"; };
		9FA5683C14894BA800707DD6 /* INPopoverWindowFrame.m */ = {isa = PBXFileReference; fileEncoding = 4; lastKnownFileType = sourcecode.c.objc; path = INPopoverWindowFrame.m; sourceTree = "<group>"; };
		9FA5684A14894E5A00707DD6 /* NSUserDefaults+SCAdditions.h */ = {isa = PBXFileReference; fileEncoding = 4; lastKnownFileType = sourcecode.c.h; path = "NSUserDefaults+SCAdditions.h"; sourceTree = "<group>"; };
		9FA5684B14894E5A00707DD6 /* NSUserDefaults+SCAdditions.m */ = {isa = PBXFileReference; fileEncoding = 4; lastKnownFileType = sourcecode.c.objc; path = "NSUserDefaults+SCAdditions.m"; sourceTree = "<group>"; };
		9FA8E81F14843A6600EF8E0E /* NSString+SCAdditions.h */ = {isa = PBXFileReference; fileEncoding = 4; lastKnownFileType = sourcecode.c.h; path = "NSString+SCAdditions.h"; sourceTree = "<group>"; };
		9FA8E82014843A6600EF8E0E /* NSString+SCAdditions.m */ = {isa = PBXFileReference; fileEncoding = 4; lastKnownFileType = sourcecode.c.objc; path = "NSString+SCAdditions.m"; sourceTree = "<group>"; };
		9FA8E8341484461700EF8E0E /* AMSerialErrors.h */ = {isa = PBXFileReference; fileEncoding = 4; lastKnownFileType = sourcecode.c.h; path = AMSerialErrors.h; sourceTree = "<group>"; };
		9FA8E8351484461700EF8E0E /* AMSerialPort.h */ = {isa = PBXFileReference; fileEncoding = 4; lastKnownFileType = sourcecode.c.h; path = AMSerialPort.h; sourceTree = "<group>"; };
		9FA8E8361484461700EF8E0E /* AMSerialPort.m */ = {isa = PBXFileReference; fileEncoding = 4; lastKnownFileType = sourcecode.c.objc; path = AMSerialPort.m; sourceTree = "<group>"; };
		9FA8E8371484461700EF8E0E /* AMSerialPortAdditions.h */ = {isa = PBXFileReference; fileEncoding = 4; lastKnownFileType = sourcecode.c.h; path = AMSerialPortAdditions.h; sourceTree = "<group>"; };
		9FA8E8381484461700EF8E0E /* AMSerialPortAdditions.m */ = {isa = PBXFileReference; fileEncoding = 4; lastKnownFileType = sourcecode.c.objc; path = AMSerialPortAdditions.m; sourceTree = "<group>"; };
		9FA8E8391484461700EF8E0E /* AMSerialPortList.h */ = {isa = PBXFileReference; fileEncoding = 4; lastKnownFileType = sourcecode.c.h; path = AMSerialPortList.h; sourceTree = "<group>"; };
		9FA8E83A1484461700EF8E0E /* AMSerialPortList.m */ = {isa = PBXFileReference; fileEncoding = 4; lastKnownFileType = sourcecode.c.objc; path = AMSerialPortList.m; sourceTree = "<group>"; };
		9FA8E8A414844C8C00EF8E0E /* IOKit.framework */ = {isa = PBXFileReference; lastKnownFileType = wrapper.framework; name = IOKit.framework; path = System/Library/Frameworks/IOKit.framework; sourceTree = SDKROOT; };
		9FA8E8A614844C9C00EF8E0E /* Quartz.framework */ = {isa = PBXFileReference; lastKnownFileType = wrapper.framework; name = Quartz.framework; path = System/Library/Frameworks/Quartz.framework; sourceTree = SDKROOT; };
		9FA8E8A714844C9C00EF8E0E /* QuartzCore.framework */ = {isa = PBXFileReference; lastKnownFileType = wrapper.framework; name = QuartzCore.framework; path = System/Library/Frameworks/QuartzCore.framework; sourceTree = SDKROOT; };
		9FAFDF1D148FE7260061A69F /* NSBezierPath+SCAdditions.h */ = {isa = PBXFileReference; fileEncoding = 4; lastKnownFileType = sourcecode.c.h; path = "NSBezierPath+SCAdditions.h"; sourceTree = "<group>"; };
		9FAFDF1E148FE7260061A69F /* NSBezierPath+SCAdditions.m */ = {isa = PBXFileReference; fileEncoding = 4; lastKnownFileType = sourcecode.c.objc; path = "NSBezierPath+SCAdditions.m"; sourceTree = "<group>"; };
		9FC0F3131488415F003B6638 /* CleanFrameworkHeaders.sh */ = {isa = PBXFileReference; lastKnownFileType = text.script.sh; path = CleanFrameworkHeaders.sh; sourceTree = "<group>"; };
		9FD5512514840A7400715063 /* SCToolkit.framework */ = {isa = PBXFileReference; explicitFileType = wrapper.framework; includeInIndex = 0; path = SCToolkit.framework; sourceTree = BUILT_PRODUCTS_DIR; };
		9FD5512814840A7400715063 /* Cocoa.framework */ = {isa = PBXFileReference; lastKnownFileType = wrapper.framework; name = Cocoa.framework; path = System/Library/Frameworks/Cocoa.framework; sourceTree = SDKROOT; };
		9FD5512B14840A7400715063 /* AppKit.framework */ = {isa = PBXFileReference; lastKnownFileType = wrapper.framework; name = AppKit.framework; path = System/Library/Frameworks/AppKit.framework; sourceTree = SDKROOT; };
		9FD5512C14840A7400715063 /* CoreData.framework */ = {isa = PBXFileReference; lastKnownFileType = wrapper.framework; name = CoreData.framework; path = System/Library/Frameworks/CoreData.framework; sourceTree = SDKROOT; };
		9FD5512D14840A7400715063 /* Foundation.framework */ = {isa = PBXFileReference; lastKnownFileType = wrapper.framework; name = Foundation.framework; path = System/Library/Frameworks/Foundation.framework; sourceTree = SDKROOT; };
		9FD5513014840A7400715063 /* SCToolkit-Info.plist */ = {isa = PBXFileReference; lastKnownFileType = text.plist.xml; path = "SCToolkit-Info.plist"; sourceTree = "<group>"; };
		9FD5513214840A7400715063 /* en */ = {isa = PBXFileReference; lastKnownFileType = text.plist.strings; name = en; path = en.lproj/InfoPlist.strings; sourceTree = "<group>"; };
		9FD5513414840A7400715063 /* SCToolkit-Prefix.pch */ = {isa = PBXFileReference; lastKnownFileType = sourcecode.c.h; path = "SCToolkit-Prefix.pch"; sourceTree = "<group>"; };
		9FD5513514840A7400715063 /* SCToolkit.h */ = {isa = PBXFileReference; lastKnownFileType = sourcecode.c.h; path = SCToolkit.h; sourceTree = "<group>"; };
		9FD5513614840A7400715063 /* SCToolkit.m */ = {isa = PBXFileReference; lastKnownFileType = sourcecode.c.objc; path = SCToolkit.m; sourceTree = "<group>"; };
		9FD5513D14840A7400715063 /* SCToolkitTests.octest */ = {isa = PBXFileReference; explicitFileType = wrapper.cfbundle; includeInIndex = 0; path = SCToolkitTests.octest; sourceTree = BUILT_PRODUCTS_DIR; };
		9FD5513E14840A7400715063 /* SenTestingKit.framework */ = {isa = PBXFileReference; lastKnownFileType = wrapper.framework; name = SenTestingKit.framework; path = Library/Frameworks/SenTestingKit.framework; sourceTree = DEVELOPER_DIR; };
		9FD5514614840A7400715063 /* SCToolkitTests-Info.plist */ = {isa = PBXFileReference; lastKnownFileType = text.plist.xml; path = "SCToolkitTests-Info.plist"; sourceTree = "<group>"; };
		9FD5514814840A7400715063 /* en */ = {isa = PBXFileReference; lastKnownFileType = text.plist.strings; name = en; path = en.lproj/InfoPlist.strings; sourceTree = "<group>"; };
		9FF4183A1485533B000A83B9 /* SCGlobals.h */ = {isa = PBXFileReference; fileEncoding = 4; lastKnownFileType = sourcecode.c.h; path = SCGlobals.h; sourceTree = "<group>"; };
		9FF4184514855971000A83B9 /* SCTimerFormatter.h */ = {isa = PBXFileReference; fileEncoding = 4; lastKnownFileType = sourcecode.c.h; path = SCTimerFormatter.h; sourceTree = "<group>"; };
		9FF4184614855971000A83B9 /* SCTimerFormatter.m */ = {isa = PBXFileReference; fileEncoding = 4; lastKnownFileType = sourcecode.c.objc; path = SCTimerFormatter.m; sourceTree = "<group>"; };
		9FF41849148559FA000A83B9 /* NSImage+SCAdditions.h */ = {isa = PBXFileReference; fileEncoding = 4; lastKnownFileType = sourcecode.c.h; path = "NSImage+SCAdditions.h"; sourceTree = "<group>"; };
		9FF4184A148559FA000A83B9 /* NSImage+SCAdditions.m */ = {isa = PBXFileReference; fileEncoding = 4; lastKnownFileType = sourcecode.c.objc; path = "NSImage+SCAdditions.m"; sourceTree = "<group>"; };
		9FF4184D148572EF000A83B9 /* NSWindow+SCAdditions.h */ = {isa = PBXFileReference; fileEncoding = 4; lastKnownFileType = sourcecode.c.h; path = "NSWindow+SCAdditions.h"; sourceTree = "<group>"; };
		9FF4184E148572EF000A83B9 /* NSWindow+SCAdditions.m */ = {isa = PBXFileReference; fileEncoding = 4; lastKnownFileType = sourcecode.c.objc; path = "NSWindow+SCAdditions.m"; sourceTree = "<group>"; };
		9FF418511485733A000A83B9 /* NSView+SCAdditions.h */ = {isa = PBXFileReference; fileEncoding = 4; lastKnownFileType = sourcecode.c.h; path = "NSView+SCAdditions.h"; sourceTree = "<group>"; };
		9FF418521485733A000A83B9 /* NSView+SCAdditions.m */ = {isa = PBXFileReference; fileEncoding = 4; lastKnownFileType = sourcecode.c.objc; path = "NSView+SCAdditions.m"; sourceTree = "<group>"; };
		9FF4186014858FEB000A83B9 /* NSWorkspace+SCAdditions.h */ = {isa = PBXFileReference; fileEncoding = 4; lastKnownFileType = sourcecode.c.h; path = "NSWorkspace+SCAdditions.h"; sourceTree = "<group>"; };
		9FF4186114858FEB000A83B9 /* NSWorkspace+SCAdditions.m */ = {isa = PBXFileReference; fileEncoding = 4; lastKnownFileType = sourcecode.c.objc; path = "NSWorkspace+SCAdditions.m"; sourceTree = "<group>"; };
		9FF4186414859CDC000A83B9 /* NSMutableArray+SCAdditions.h */ = {isa = PBXFileReference; fileEncoding = 4; lastKnownFileType = sourcecode.c.h; path = "NSMutableArray+SCAdditions.h"; sourceTree = "<group>"; };
		9FF4186514859CDC000A83B9 /* NSMutableArray+SCAdditions.m */ = {isa = PBXFileReference; fileEncoding = 4; lastKnownFileType = sourcecode.c.objc; path = "NSMutableArray+SCAdditions.m"; sourceTree = "<group>"; };
		9FF4186814859D43000A83B9 /* NSArray+SCAdditions.h */ = {isa = PBXFileReference; fileEncoding = 4; lastKnownFileType = sourcecode.c.h; path = "NSArray+SCAdditions.h"; sourceTree = "<group>"; };
		9FF4186914859D43000A83B9 /* NSArray+SCAdditions.m */ = {isa = PBXFileReference; fileEncoding = 4; lastKnownFileType = sourcecode.c.objc; path = "NSArray+SCAdditions.m"; sourceTree = "<group>"; };
		9FF4186C14859E51000A83B9 /* NSData+SCAdditions.h */ = {isa = PBXFileReference; fileEncoding = 4; lastKnownFileType = sourcecode.c.h; path = "NSData+SCAdditions.h"; sourceTree = "<group>"; };
		9FF4186D14859E51000A83B9 /* NSData+SCAdditions.m */ = {isa = PBXFileReference; fileEncoding = 4; lastKnownFileType = sourcecode.c.objc; path = "NSData+SCAdditions.m"; sourceTree = "<group>"; };
		9FF418701485A04E000A83B9 /* Security.framework */ = {isa = PBXFileReference; lastKnownFileType = wrapper.framework; name = Security.framework; path = System/Library/Frameworks/Security.framework; sourceTree = SDKROOT; };
		9FF418731485A07D000A83B9 /* ApplicationServices.framework */ = {isa = PBXFileReference; lastKnownFileType = wrapper.framework; name = ApplicationServices.framework; path = System/Library/Frameworks/ApplicationServices.framework; sourceTree = SDKROOT; };
		9FF4187A1485A0D6000A83B9 /* libcrypto.dylib */ = {isa = PBXFileReference; lastKnownFileType = "compiled.mach-o.dylib"; name = libcrypto.dylib; path = usr/lib/libcrypto.dylib; sourceTree = SDKROOT; };
		9FF4187D1485A2A0000A83B9 /* TODO.strings */ = {isa = PBXFileReference; lastKnownFileType = text.plist.strings; path = TODO.strings; sourceTree = "<group>"; };
		9FF4187E1485A342000A83B9 /* NSNumber+SCAdditions.h */ = {isa = PBXFileReference; fileEncoding = 4; lastKnownFileType = sourcecode.c.h; path = "NSNumber+SCAdditions.h"; sourceTree = "<group>"; };
		9FF4187F1485A342000A83B9 /* NSNumber+SCAdditions.m */ = {isa = PBXFileReference; fileEncoding = 4; lastKnownFileType = sourcecode.c.objc; path = "NSNumber+SCAdditions.m"; sourceTree = "<group>"; };
		9FF418911485DA68000A83B9 /* SCMarcos.h */ = {isa = PBXFileReference; fileEncoding = 4; lastKnownFileType = sourcecode.c.h; path = SCMarcos.h; sourceTree = "<group>"; };
		9FF418991485E052000A83B9 /* TestStringFromTimeInterval.h */ = {isa = PBXFileReference; fileEncoding = 4; lastKnownFileType = sourcecode.c.h; path = TestStringFromTimeInterval.h; sourceTree = "<group>"; };
		9FF4189A1485E052000A83B9 /* TestStringFromTimeInterval.m */ = {isa = PBXFileReference; fileEncoding = 4; lastKnownFileType = sourcecode.c.objc; path = TestStringFromTimeInterval.m; sourceTree = "<group>"; };
/* End PBXFileReference section */

/* Begin PBXFrameworksBuildPhase section */
		9FD5512114840A7400715063 /* Frameworks */ = {
			isa = PBXFrameworksBuildPhase;
			buildActionMask = 2147483647;
			files = (
				9FF4187C1485A0EB000A83B9 /* libcrypto.dylib in Frameworks */,
				9FF418751485A088000A83B9 /* ApplicationServices.framework in Frameworks */,
				9FF418761485A08E000A83B9 /* Security.framework in Frameworks */,
				9FA8E8A814844C9C00EF8E0E /* Quartz.framework in Frameworks */,
				9FA8E8A914844C9C00EF8E0E /* QuartzCore.framework in Frameworks */,
				9FA8E8A514844C8C00EF8E0E /* IOKit.framework in Frameworks */,
				9FD5512914840A7400715063 /* Cocoa.framework in Frameworks */,
			);
			runOnlyForDeploymentPostprocessing = 0;
		};
		9FD5513914840A7400715063 /* Frameworks */ = {
			isa = PBXFrameworksBuildPhase;
			buildActionMask = 2147483647;
			files = (
				9FD5513F14840A7400715063 /* SenTestingKit.framework in Frameworks */,
				9FD5514014840A7400715063 /* Cocoa.framework in Frameworks */,
				9FD5514314840A7400715063 /* SCToolkit.framework in Frameworks */,
			);
			runOnlyForDeploymentPostprocessing = 0;
		};
/* End PBXFrameworksBuildPhase section */

/* Begin PBXGroup section */
		9F7A795C14880A0700113680 /* INAppStoreWindow */ = {
			isa = PBXGroup;
			children = (
				9F7A795D14880A0700113680 /* INAppStoreWindow.h */,
				9F7A795E14880A0700113680 /* INAppStoreWindow.m */,
			);
			path = INAppStoreWindow;
			sourceTree = "<group>";
		};
		9FA487231484162B00B43F2C /* Additions */ = {
			isa = PBXGroup;
			children = (
				9FA487281484170400B43F2C /* NSTimer+Pausing.h */,
				9FA487291484170400B43F2C /* NSTimer+Pausing.m */,
				9FA4872C148418DC00B43F2C /* NSFileManager+SCAdditions.h */,
				9FA4872D148418DC00B43F2C /* NSFileManager+SCAdditions.m */,
				9FA8E81F14843A6600EF8E0E /* NSString+SCAdditions.h */,
				9FA8E82014843A6600EF8E0E /* NSString+SCAdditions.m */,
				9FF41849148559FA000A83B9 /* NSImage+SCAdditions.h */,
				9FF4184A148559FA000A83B9 /* NSImage+SCAdditions.m */,
				9FF4184D148572EF000A83B9 /* NSWindow+SCAdditions.h */,
				9FF4184E148572EF000A83B9 /* NSWindow+SCAdditions.m */,
				9FF418511485733A000A83B9 /* NSView+SCAdditions.h */,
				9FF418521485733A000A83B9 /* NSView+SCAdditions.m */,
				9FF4186014858FEB000A83B9 /* NSWorkspace+SCAdditions.h */,
				9FF4186114858FEB000A83B9 /* NSWorkspace+SCAdditions.m */,
				9FF4186414859CDC000A83B9 /* NSMutableArray+SCAdditions.h */,
				9FF4186514859CDC000A83B9 /* NSMutableArray+SCAdditions.m */,
				9FF4186814859D43000A83B9 /* NSArray+SCAdditions.h */,
				9FF4186914859D43000A83B9 /* NSArray+SCAdditions.m */,
				9FF4186C14859E51000A83B9 /* NSData+SCAdditions.h */,
				9FF4186D14859E51000A83B9 /* NSData+SCAdditions.m */,
				9FF4187E1485A342000A83B9 /* NSNumber+SCAdditions.h */,
				9FF4187F1485A342000A83B9 /* NSNumber+SCAdditions.m */,
				9F9818201486935000D28199 /* NSApplication+SCAdditions.h */,
				9F9818211486935000D28199 /* NSApplication+SCAdditions.m */,
				9F981825148694E400D28199 /* NSBundle+SCAdditions.h */,
				9F981826148694E400D28199 /* NSBundle+SCAdditions.m */,
				9FA5684A14894E5A00707DD6 /* NSUserDefaults+SCAdditions.h */,
				9FA5684B14894E5A00707DD6 /* NSUserDefaults+SCAdditions.m */,
				9FAFDF1D148FE7260061A69F /* NSBezierPath+SCAdditions.h */,
				9FAFDF1E148FE7260061A69F /* NSBezierPath+SCAdditions.m */,
			);
			path = Additions;
			sourceTree = "<group>";
		};
		9FA487241484162B00B43F2C /* ThirdParty */ = {
			isa = PBXGroup;
			children = (
				9FA5683314894BA800707DD6 /* INPopoverController */,
				9F7A795C14880A0700113680 /* INAppStoreWindow */,
				9FA8E8331484461700EF8E0E /* AMSerialPort */,
			);
			path = ThirdParty;
			sourceTree = "<group>";
		};
		9FA487261484162B00B43F2C /* Utilities */ = {
			isa = PBXGroup;
			children = (
				9FF4184514855971000A83B9 /* SCTimerFormatter.h */,
				9FF4184614855971000A83B9 /* SCTimerFormatter.m */,
			);
			path = Utilities;
			sourceTree = "<group>";
		};
		9FA5682D14894B9C00707DD6 /* UIKit */ = {
			isa = PBXGroup;
			children = (
				9FA5682E14894B9C00707DD6 /* SCHybridPopoverController.h */,
				9FA5682F14894B9C00707DD6 /* SCHybridPopoverController.m */,
				9F435015149139DC0048169B /* SCSelectionBorder.h */,
				9F435016149139DC0048169B /* SCSelectionBorder.m */,
			);
			path = UIKit;
			sourceTree = "<group>";
		};
		9FA5683314894BA800707DD6 /* INPopoverController */ = {
			isa = PBXGroup;
			children = (
				9FA5683414894BA800707DD6 /* INPopoverController.h */,
				9FA5683514894BA800707DD6 /* INPopoverController.m */,
				9FA5683614894BA800707DD6 /* INPopoverControllerDefines.h */,
				9FA5683714894BA800707DD6 /* INPopoverParentWindow.h */,
				9FA5683814894BA800707DD6 /* INPopoverParentWindow.m */,
				9FA5683914894BA800707DD6 /* INPopoverWindow.h */,
				9FA5683A14894BA800707DD6 /* INPopoverWindow.m */,
				9FA5683B14894BA800707DD6 /* INPopoverWindowFrame.h */,
				9FA5683C14894BA800707DD6 /* INPopoverWindowFrame.m */,
			);
			path = INPopoverController;
			sourceTree = "<group>";
		};
		9FA8E8331484461700EF8E0E /* AMSerialPort */ = {
			isa = PBXGroup;
			children = (
				9FA8E8341484461700EF8E0E /* AMSerialErrors.h */,
				9FA8E8351484461700EF8E0E /* AMSerialPort.h */,
				9FA8E8361484461700EF8E0E /* AMSerialPort.m */,
				9FA8E8371484461700EF8E0E /* AMSerialPortAdditions.h */,
				9FA8E8381484461700EF8E0E /* AMSerialPortAdditions.m */,
				9FA8E8391484461700EF8E0E /* AMSerialPortList.h */,
				9FA8E83A1484461700EF8E0E /* AMSerialPortList.m */,
			);
			path = AMSerialPort;
			sourceTree = "<group>";
		};
		9FD5511914840A7400715063 = {
			isa = PBXGroup;
			children = (
				9FD5512E14840A7400715063 /* SCToolkit */,
				9FD5514414840A7400715063 /* SCToolkitTests */,
				9FD5512714840A7400715063 /* Frameworks */,
				9FD5512614840A7400715063 /* Products */,
			);
			sourceTree = "<group>";
		};
		9FD5512614840A7400715063 /* Products */ = {
			isa = PBXGroup;
			children = (
				9FD5512514840A7400715063 /* SCToolkit.framework */,
				9FD5513D14840A7400715063 /* SCToolkitTests.octest */,
			);
			name = Products;
			sourceTree = "<group>";
		};
		9FD5512714840A7400715063 /* Frameworks */ = {
			isa = PBXGroup;
			children = (
				9FF418731485A07D000A83B9 /* ApplicationServices.framework */,
				9FF418701485A04E000A83B9 /* Security.framework */,
				9FA8E8A614844C9C00EF8E0E /* Quartz.framework */,
				9FA8E8A714844C9C00EF8E0E /* QuartzCore.framework */,
				9FA8E8A414844C8C00EF8E0E /* IOKit.framework */,
				9FD5512814840A7400715063 /* Cocoa.framework */,
				9FD5513E14840A7400715063 /* SenTestingKit.framework */,
				9FD5512A14840A7400715063 /* Other Frameworks */,
			);
			name = Frameworks;
			sourceTree = "<group>";
		};
		9FD5512A14840A7400715063 /* Other Frameworks */ = {
			isa = PBXGroup;
			children = (
				9FF4187A1485A0D6000A83B9 /* libcrypto.dylib */,
				9FD5512B14840A7400715063 /* AppKit.framework */,
				9FD5512C14840A7400715063 /* CoreData.framework */,
				9FD5512D14840A7400715063 /* Foundation.framework */,
			);
			name = "Other Frameworks";
			sourceTree = "<group>";
		};
		9FD5512E14840A7400715063 /* SCToolkit */ = {
			isa = PBXGroup;
			children = (
				9FF4187D1485A2A0000A83B9 /* TODO.strings */,
				9FF418931485DAAC000A83B9 /* SCToolkit */,
				9FA5682D14894B9C00707DD6 /* UIKit */,
				9FF4183C148554AE000A83B9 /* BlocksKit */,
				9FA487231484162B00B43F2C /* Additions */,
				9FA487241484162B00B43F2C /* ThirdParty */,
				9FA487261484162B00B43F2C /* Utilities */,
				9FD5512F14840A7400715063 /* Supporting Files */,
			);
			path = SCToolkit;
			sourceTree = "<group>";
		};
		9FD5512F14840A7400715063 /* Supporting Files */ = {
			isa = PBXGroup;
			children = (
				9FC0F3131488415F003B6638 /* CleanFrameworkHeaders.sh */,
				9FD5513014840A7400715063 /* SCToolkit-Info.plist */,
				9FD5513114840A7400715063 /* InfoPlist.strings */,
				9FD5513414840A7400715063 /* SCToolkit-Prefix.pch */,
			);
			name = "Supporting Files";
			sourceTree = "<group>";
		};
		9FD5514414840A7400715063 /* SCToolkitTests */ = {
			isa = PBXGroup;
			children = (
				9FD5514514840A7400715063 /* Supporting Files */,
				9FF418991485E052000A83B9 /* TestStringFromTimeInterval.h */,
				9FF4189A1485E052000A83B9 /* TestStringFromTimeInterval.m */,
			);
			path = SCToolkitTests;
			sourceTree = "<group>";
		};
		9FD5514514840A7400715063 /* Supporting Files */ = {
			isa = PBXGroup;
			children = (
				9FD5514614840A7400715063 /* SCToolkitTests-Info.plist */,
				9FD5514714840A7400715063 /* InfoPlist.strings */,
			);
			name = "Supporting Files";
			sourceTree = "<group>";
		};
		9FF4183C148554AE000A83B9 /* BlocksKit */ = {
			isa = PBXGroup;
			children = (
			);
			path = BlocksKit;
			sourceTree = "<group>";
		};
		9FF418931485DAAC000A83B9 /* SCToolkit */ = {
			isa = PBXGroup;
			children = (
				9FD5513514840A7400715063 /* SCToolkit.h */,
				9FD5513614840A7400715063 /* SCToolkit.m */,
				9FF418911485DA68000A83B9 /* SCMarcos.h */,
				9FF4183A1485533B000A83B9 /* SCGlobals.h */,
			);
			name = SCToolkit;
			sourceTree = "<group>";
		};
/* End PBXGroup section */

/* Begin PBXHeadersBuildPhase section */
		9FD5512214840A7400715063 /* Headers */ = {
			isa = PBXHeadersBuildPhase;
			buildActionMask = 2147483647;
			files = (
				9FD5517014840EE700715063 /* SCToolkit.h in Headers */,
				9FF4183B1485533B000A83B9 /* SCGlobals.h in Headers */,
				9FF418921485DA69000A83B9 /* SCMarcos.h in Headers */,
				9FF4184714855971000A83B9 /* SCTimerFormatter.h in Headers */,
				9F435017149139DD0048169B /* SCSelectionBorder.h in Headers */,
				9FA5683014894B9C00707DD6 /* SCHybridPopoverController.h in Headers */,
				9FF4184B148559FA000A83B9 /* NSImage+SCAdditions.h in Headers */,
				9FF4184F148572EF000A83B9 /* NSWindow+SCAdditions.h in Headers */,
				9FF418531485733A000A83B9 /* NSView+SCAdditions.h in Headers */,
				9FF4186214858FEB000A83B9 /* NSWorkspace+SCAdditions.h in Headers */,
				9FF4186614859CDC000A83B9 /* NSMutableArray+SCAdditions.h in Headers */,
				9FF4186A14859D44000A83B9 /* NSArray+SCAdditions.h in Headers */,
				9FF4186E14859E52000A83B9 /* NSData+SCAdditions.h in Headers */,
				9FF418801485A343000A83B9 /* NSNumber+SCAdditions.h in Headers */,
				9F9818221486935000D28199 /* NSApplication+SCAdditions.h in Headers */,
				9F981827148694E400D28199 /* NSBundle+SCAdditions.h in Headers */,
				9F7A795F14880A0700113680 /* INAppStoreWindow.h in Headers */,
				9FA4872A1484170400B43F2C /* NSTimer+Pausing.h in Headers */,
				9FA4872E148418DC00B43F2C /* NSFileManager+SCAdditions.h in Headers */,
				9FA8E82114843A6600EF8E0E /* NSString+SCAdditions.h in Headers */,
				9FA5684C14894E5A00707DD6 /* NSUserDefaults+SCAdditions.h in Headers */,
				9FAFDF1F148FE7260061A69F /* NSBezierPath+SCAdditions.h in Headers */,
				9FA5683D14894BA800707DD6 /* INPopoverController.h in Headers */,
				9FA5684014894BA800707DD6 /* INPopoverParentWindow.h in Headers */,
				9FA5683F14894BA800707DD6 /* INPopoverControllerDefines.h in Headers */,
				9FA5684214894BA800707DD6 /* INPopoverWindow.h in Headers */,
				9FA5684414894BA800707DD6 /* INPopoverWindowFrame.h in Headers */,
				9FA8E83C1484461700EF8E0E /* AMSerialPort.h in Headers */,
				9FA8E8401484461700EF8E0E /* AMSerialPortList.h in Headers */,
				9FA8E83B1484461700EF8E0E /* AMSerialErrors.h in Headers */,
				9FA8E83E1484461700EF8E0E /* AMSerialPortAdditions.h in Headers */,
			);
			runOnlyForDeploymentPostprocessing = 0;
		};
/* End PBXHeadersBuildPhase section */

/* Begin PBXNativeTarget section */
		9FD5512414840A7400715063 /* SCToolkit */ = {
			isa = PBXNativeTarget;
			buildConfigurationList = 9FD5514F14840A7400715063 /* Build configuration list for PBXNativeTarget "SCToolkit" */;
			buildPhases = (
				9FD5512014840A7400715063 /* Sources */,
				9FD5512114840A7400715063 /* Frameworks */,
				9FD5512214840A7400715063 /* Headers */,
				9FD5512314840A7400715063 /* Resources */,
			);
			buildRules = (
			);
			dependencies = (
			);
			name = SCToolkit;
			productName = SCToolkit;
			productReference = 9FD5512514840A7400715063 /* SCToolkit.framework */;
			productType = "com.apple.product-type.framework";
		};
		9FD5513C14840A7400715063 /* SCToolkitTests */ = {
			isa = PBXNativeTarget;
			buildConfigurationList = 9FD5515214840A7400715063 /* Build configuration list for PBXNativeTarget "SCToolkitTests" */;
			buildPhases = (
				9FD5513814840A7400715063 /* Sources */,
				9FD5513914840A7400715063 /* Frameworks */,
				9FD5513A14840A7400715063 /* Resources */,
				9FD5513B14840A7400715063 /* ShellScript */,
			);
			buildRules = (
			);
			dependencies = (
				9FD5514214840A7400715063 /* PBXTargetDependency */,
			);
			name = SCToolkitTests;
			productName = SCToolkitTests;
			productReference = 9FD5513D14840A7400715063 /* SCToolkitTests.octest */;
			productType = "com.apple.product-type.bundle";
		};
/* End PBXNativeTarget section */

/* Begin PBXProject section */
		9FD5511B14840A7400715063 /* Project object */ = {
			isa = PBXProject;
			attributes = {
				LastUpgradeCheck = 0420;
				ORGANIZATIONNAME = "Vincent S. Wang";
			};
			buildConfigurationList = 9FD5511E14840A7400715063 /* Build configuration list for PBXProject "SCToolkit" */;
			compatibilityVersion = "Xcode 3.2";
			developmentRegion = English;
			hasScannedForEncodings = 0;
			knownRegions = (
				en,
			);
			mainGroup = 9FD5511914840A7400715063;
			productRefGroup = 9FD5512614840A7400715063 /* Products */;
			projectDirPath = "";
			projectRoot = "";
			targets = (
				9FD5512414840A7400715063 /* SCToolkit */,
				9FD5513C14840A7400715063 /* SCToolkitTests */,
			);
		};
/* End PBXProject section */

/* Begin PBXResourcesBuildPhase section */
		9FD5512314840A7400715063 /* Resources */ = {
			isa = PBXResourcesBuildPhase;
			buildActionMask = 2147483647;
			files = (
				9FD5513314840A7400715063 /* InfoPlist.strings in Resources */,
			);
			runOnlyForDeploymentPostprocessing = 0;
		};
		9FD5513A14840A7400715063 /* Resources */ = {
			isa = PBXResourcesBuildPhase;
			buildActionMask = 2147483647;
			files = (
				9FD5514914840A7400715063 /* InfoPlist.strings in Resources */,
			);
			runOnlyForDeploymentPostprocessing = 0;
		};
/* End PBXResourcesBuildPhase section */

/* Begin PBXShellScriptBuildPhase section */
		9FD5513B14840A7400715063 /* ShellScript */ = {
			isa = PBXShellScriptBuildPhase;
			buildActionMask = 2147483647;
			files = (
			);
			inputPaths = (
			);
			outputPaths = (
			);
			runOnlyForDeploymentPostprocessing = 0;
			shellPath = /bin/sh;
			shellScript = "# Run the unit tests in this test bundle.\n\"${SYSTEM_DEVELOPER_DIR}/Tools/RunUnitTests\"\n";
		};
/* End PBXShellScriptBuildPhase section */

/* Begin PBXSourcesBuildPhase section */
		9FD5512014840A7400715063 /* Sources */ = {
			isa = PBXSourcesBuildPhase;
			buildActionMask = 2147483647;
			files = (
				9FD5513714840A7400715063 /* SCToolkit.m in Sources */,
				9FA4872B1484170400B43F2C /* NSTimer+Pausing.m in Sources */,
				9FA4872F148418DC00B43F2C /* NSFileManager+SCAdditions.m in Sources */,
				9FA8E82214843A6600EF8E0E /* NSString+SCAdditions.m in Sources */,
				9FA8E83D1484461700EF8E0E /* AMSerialPort.m in Sources */,
				9FA8E83F1484461700EF8E0E /* AMSerialPortAdditions.m in Sources */,
				9FA8E8411484461700EF8E0E /* AMSerialPortList.m in Sources */,
				9FF4184814855971000A83B9 /* SCTimerFormatter.m in Sources */,
				9FF4184C148559FA000A83B9 /* NSImage+SCAdditions.m in Sources */,
				9FF41850148572EF000A83B9 /* NSWindow+SCAdditions.m in Sources */,
				9FF418541485733A000A83B9 /* NSView+SCAdditions.m in Sources */,
				9FF4186314858FEB000A83B9 /* NSWorkspace+SCAdditions.m in Sources */,
				9FF4186714859CDC000A83B9 /* NSMutableArray+SCAdditions.m in Sources */,
				9FF4186B14859D44000A83B9 /* NSArray+SCAdditions.m in Sources */,
				9FF4186F14859E52000A83B9 /* NSData+SCAdditions.m in Sources */,
				9FF418811485A343000A83B9 /* NSNumber+SCAdditions.m in Sources */,
				9F9818231486935000D28199 /* NSApplication+SCAdditions.m in Sources */,
				9F981828148694E400D28199 /* NSBundle+SCAdditions.m in Sources */,
				9F7A796014880A0700113680 /* INAppStoreWindow.m in Sources */,
				9FA5683114894B9C00707DD6 /* SCHybridPopoverController.m in Sources */,
				9FA5683E14894BA800707DD6 /* INPopoverController.m in Sources */,
				9FA5684114894BA800707DD6 /* INPopoverParentWindow.m in Sources */,
				9FA5684314894BA800707DD6 /* INPopoverWindow.m in Sources */,
				9FA5684514894BA800707DD6 /* INPopoverWindowFrame.m in Sources */,
				9FA5684D14894E5A00707DD6 /* NSUserDefaults+SCAdditions.m in Sources */,
				9FAFDF20148FE7260061A69F /* NSBezierPath+SCAdditions.m in Sources */,
				9F435018149139DD0048169B /* SCSelectionBorder.m in Sources */,
			);
			runOnlyForDeploymentPostprocessing = 0;
		};
		9FD5513814840A7400715063 /* Sources */ = {
			isa = PBXSourcesBuildPhase;
			buildActionMask = 2147483647;
			files = (
				9FF4189B1485E052000A83B9 /* TestStringFromTimeInterval.m in Sources */,
			);
			runOnlyForDeploymentPostprocessing = 0;
		};
/* End PBXSourcesBuildPhase section */

/* Begin PBXTargetDependency section */
		9FD5514214840A7400715063 /* PBXTargetDependency */ = {
			isa = PBXTargetDependency;
			target = 9FD5512414840A7400715063 /* SCToolkit */;
			targetProxy = 9FD5514114840A7400715063 /* PBXContainerItemProxy */;
		};
/* End PBXTargetDependency section */

/* Begin PBXVariantGroup section */
		9FD5513114840A7400715063 /* InfoPlist.strings */ = {
			isa = PBXVariantGroup;
			children = (
				9FD5513214840A7400715063 /* en */,
			);
			name = InfoPlist.strings;
			sourceTree = "<group>";
		};
		9FD5514714840A7400715063 /* InfoPlist.strings */ = {
			isa = PBXVariantGroup;
			children = (
				9FD5514814840A7400715063 /* en */,
			);
			name = InfoPlist.strings;
			sourceTree = "<group>";
		};
/* End PBXVariantGroup section */

/* Begin XCBuildConfiguration section */
		9FD5514D14840A7400715063 /* Debug */ = {
			isa = XCBuildConfiguration;
			buildSettings = {
				ALWAYS_SEARCH_USER_PATHS = NO;
				ARCHS = "$(ARCHS_STANDARD_32_64_BIT)";
				COPY_PHASE_STRIP = NO;
				GCC_C_LANGUAGE_STANDARD = gnu99;
				GCC_DYNAMIC_NO_PIC = NO;
				GCC_ENABLE_OBJC_EXCEPTIONS = YES;
				GCC_OPTIMIZATION_LEVEL = 0;
				GCC_PREPROCESSOR_DEFINITIONS = (
					"DEBUG=1",
					"$(inherited)",
				);
				GCC_SYMBOLS_PRIVATE_EXTERN = NO;
				GCC_VERSION = com.apple.compilers.llvm.clang.1_0;
				GCC_WARN_64_TO_32_BIT_CONVERSION = YES;
				GCC_WARN_ABOUT_MISSING_PROTOTYPES = YES;
				GCC_WARN_ABOUT_RETURN_TYPE = YES;
				GCC_WARN_UNUSED_VARIABLE = YES;
				MACOSX_DEPLOYMENT_TARGET = 10.6;
				ONLY_ACTIVE_ARCH = YES;
				SDKROOT = macosx;
			};
			name = Debug;
		};
		9FD5514E14840A7400715063 /* Release */ = {
			isa = XCBuildConfiguration;
			buildSettings = {
				ALWAYS_SEARCH_USER_PATHS = NO;
				ARCHS = "$(ARCHS_STANDARD_32_64_BIT)";
				COPY_PHASE_STRIP = YES;
				DEBUG_INFORMATION_FORMAT = "dwarf-with-dsym";
				GCC_C_LANGUAGE_STANDARD = gnu99;
				GCC_ENABLE_OBJC_EXCEPTIONS = YES;
				GCC_VERSION = com.apple.compilers.llvm.clang.1_0;
				GCC_WARN_64_TO_32_BIT_CONVERSION = YES;
				GCC_WARN_ABOUT_MISSING_PROTOTYPES = YES;
				GCC_WARN_ABOUT_RETURN_TYPE = YES;
				GCC_WARN_UNUSED_VARIABLE = YES;
				MACOSX_DEPLOYMENT_TARGET = 10.6;
				SDKROOT = macosx;
			};
			name = Release;
		};
		9FD5515014840A7400715063 /* Debug */ = {
			isa = XCBuildConfiguration;
			buildSettings = {
				ARCHS = "$(ARCHS_STANDARD_32_64_BIT)";
				DYLIB_COMPATIBILITY_VERSION = 1;
				DYLIB_CURRENT_VERSION = 1;
				FRAMEWORK_VERSION = A;
				GCC_PRECOMPILE_PREFIX_HEADER = YES;
				GCC_PREFIX_HEADER = "SCToolkit/SCToolkit-Prefix.pch";
				INFOPLIST_FILE = "SCToolkit/SCToolkit-Info.plist";
				INSTALL_PATH = "@executable_path/../Frameworks/";
				MACOSX_DEPLOYMENT_TARGET = 10.6;
				PRODUCT_NAME = "$(TARGET_NAME)";
				WRAPPER_EXTENSION = framework;
			};
			name = Debug;
		};
		9FD5515114840A7400715063 /* Release */ = {
			isa = XCBuildConfiguration;
			buildSettings = {
				ARCHS = "$(ARCHS_STANDARD_32_64_BIT)";
				DYLIB_COMPATIBILITY_VERSION = 1;
				DYLIB_CURRENT_VERSION = 1;
				FRAMEWORK_VERSION = A;
				GCC_PRECOMPILE_PREFIX_HEADER = YES;
				GCC_PREFIX_HEADER = "SCToolkit/SCToolkit-Prefix.pch";
				INFOPLIST_FILE = "SCToolkit/SCToolkit-Info.plist";
				INSTALL_PATH = "@executable_path/../Frameworks/";
				MACOSX_DEPLOYMENT_TARGET = 10.6;
				PRODUCT_NAME = "$(TARGET_NAME)";
				WRAPPER_EXTENSION = framework;
			};
			name = Release;
		};
		9FD5515314840A7400715063 /* Debug */ = {
			isa = XCBuildConfiguration;
			buildSettings = {
				FRAMEWORK_SEARCH_PATHS = "$(DEVELOPER_LIBRARY_DIR)/Frameworks";
				GCC_PRECOMPILE_PREFIX_HEADER = YES;
				GCC_PREFIX_HEADER = "SCToolkit/SCToolkit-Prefix.pch";
				INFOPLIST_FILE = "SCToolkitTests/SCToolkitTests-Info.plist";
				PRODUCT_NAME = "$(TARGET_NAME)";
				WRAPPER_EXTENSION = octest;
			};
			name = Debug;
		};
		9FD5515414840A7400715063 /* Release */ = {
			isa = XCBuildConfiguration;
			buildSettings = {
				FRAMEWORK_SEARCH_PATHS = "$(DEVELOPER_LIBRARY_DIR)/Frameworks";
				GCC_PRECOMPILE_PREFIX_HEADER = YES;
				GCC_PREFIX_HEADER = "SCToolkit/SCToolkit-Prefix.pch";
				INFOPLIST_FILE = "SCToolkitTests/SCToolkitTests-Info.plist";
				PRODUCT_NAME = "$(TARGET_NAME)";
				WRAPPER_EXTENSION = octest;
			};
			name = Release;
		};
/* End XCBuildConfiguration section */

/* Begin XCConfigurationList section */
		9FD5511E14840A7400715063 /* Build configuration list for PBXProject "SCToolkit" */ = {
			isa = XCConfigurationList;
			buildConfigurations = (
				9FD5514D14840A7400715063 /* Debug */,
				9FD5514E14840A7400715063 /* Release */,
			);
			defaultConfigurationIsVisible = 0;
			defaultConfigurationName = Release;
		};
		9FD5514F14840A7400715063 /* Build configuration list for PBXNativeTarget "SCToolkit" */ = {
			isa = XCConfigurationList;
			buildConfigurations = (
				9FD5515014840A7400715063 /* Debug */,
				9FD5515114840A7400715063 /* Release */,
			);
			defaultConfigurationIsVisible = 0;
			defaultConfigurationName = Release;
		};
		9FD5515214840A7400715063 /* Build configuration list for PBXNativeTarget "SCToolkitTests" */ = {
			isa = XCConfigurationList;
			buildConfigurations = (
				9FD5515314840A7400715063 /* Debug */,
				9FD5515414840A7400715063 /* Release */,
			);
			defaultConfigurationIsVisible = 0;
			defaultConfigurationName = Release;
		};
/* End XCConfigurationList section */
	};
	rootObject = 9FD5511B14840A7400715063 /* Project object */;
}
